Microsoft Visual Studio Solution File, Format Version 12.00
# Visual Studio Version 17
VisualStudioVersion = 17.2.32422.2
MinimumVisualStudioVersion = 10.0.40219.1
Project("{8BC9CEB8-8B4A-11D0-8D11-00A0C91BC942}") = "Host.EXE", "src\host\exe\Host.EXE.vcxproj", "{9CBD7DFA-1754-4A9D-93D7-857A9D17CB1B}"
	ProjectSection(ProjectDependencies) = postProject
		{0CF235BD-2DA0-407E-90EE-C467E8BBC714} = {0CF235BD-2DA0-407E-90EE-C467E8BBC714}
		{5D23E8E1-3C64-4CC1-A8F7-6861677F7239} = {5D23E8E1-3C64-4CC1-A8F7-6861677F7239}
		{71CC9D78-BA29-4D93-946F-BEF5D9A3A6EF} = {71CC9D78-BA29-4D93-946F-BEF5D9A3A6EF}
	EndProjectSection
EndProject
Project("{8BC9CEB8-8B4A-11D0-8D11-00A0C91BC942}") = "PropertiesLibrary", "src\propslib\propslib.vcxproj", "{345FD5A4-B32B-4F29-BD1C-B033BD2C35CC}"
EndProject
Project("{2150E333-8FDC-42A3-9474-1A3956D46DE8}") = "_Dependencies", "_Dependencies", "{81C352DB-1818-45B7-A284-18E259F1CC87}"
EndProject
Project("{2150E333-8FDC-42A3-9474-1A3956D46DE8}") = "wil", "wil", "{4C8E6BB0-4713-4ADB-BD04-81628ECEAF20}"
	ProjectSection(SolutionItems) = preProject
		dep\wil\include\wil\common.h = dep\wil\include\wil\common.h
		dep\wil\include\wil\filesystem.h = dep\wil\include\wil\filesystem.h
		dep\wil\include\wil\functional.h = dep\wil\include\wil\functional.h
		dep\wil\include\wil\registry.h = dep\wil\include\wil\registry.h
		dep\wil\include\wil\resource.h = dep\wil\include\wil\resource.h
		dep\wil\include\wil\result.h = dep\wil\include\wil\result.h
		dep\wil\include\wil\resultmacros.h = dep\wil\include\wil\resultmacros.h
		dep\wil\include\wil\stl.h = dep\wil\include\wil\stl.h
		dep\wil\include\wil\win32helpers.h = dep\wil\include\wil\win32helpers.h
		dep\wil\include\wil\wistd_functional.h = dep\wil\include\wil\wistd_functional.h
		dep\wil\include\wil\wistd_memory.h = dep\wil\include\wil\wistd_memory.h
		dep\wil\include\wil\wistd_type_traits.h = dep\wil\include\wil\wistd_type_traits.h
	EndProjectSection
EndProject
Project("{2150E333-8FDC-42A3-9474-1A3956D46DE8}") = "Console", "Console", "{D57841D1-8294-4F2B-BB8B-D2A35738DECD}"
	ProjectSection(SolutionItems) = preProject
		dep\Console\winconp.h = dep\Console\winconp.h
	EndProjectSection
EndProject
Project("{8BC9CEB8-8B4A-11D0-8D11-00A0C91BC942}") = "TextServicesFramework", "src\tsf\tsf.vcxproj", "{2FD12FBB-1DDB-46D8-B818-1023C624CACA}"
EndProject
Project("{8BC9CEB8-8B4A-11D0-8D11-00A0C91BC942}") = "TerminalParser", "src\terminal\parser\lib\parser.vcxproj", "{3AE13314-1939-4DFA-9C14-38CA0834050C}"
	ProjectSection(ProjectDependencies) = postProject
		{18D09A24-8240-42D6-8CB6-236EEE820263} = {18D09A24-8240-42D6-8CB6-236EEE820263}
	EndProjectSection
EndProject
Project("{8BC9CEB8-8B4A-11D0-8D11-00A0C91BC942}") = "TerminalAdapter", "src\terminal\adapter\lib\adapter.vcxproj", "{DCF55140-EF6A-4736-A403-957E4F7430BB}"
	ProjectSection(ProjectDependencies) = postProject
		{18D09A24-8240-42D6-8CB6-236EEE820263} = {18D09A24-8240-42D6-8CB6-236EEE820263}
	EndProjectSection
EndProject
Project("{8BC9CEB8-8B4A-11D0-8D11-00A0C91BC942}") = "TerminalInput", "src\terminal\input\lib\terminalinput.vcxproj", "{1CF55140-EF6A-4736-A403-957E4F7430BB}"
	ProjectSection(ProjectDependencies) = postProject
		{18D09A24-8240-42D6-8CB6-236EEE820263} = {18D09A24-8240-42D6-8CB6-236EEE820263}
	EndProjectSection
EndProject
Project("{8BC9CEB8-8B4A-11D0-8D11-00A0C91BC942}") = "RendererBase", "src\renderer\base\lib\base.vcxproj", "{AF0A096A-8B3A-4949-81EF-7DF8F0FEE91F}"
EndProject
Project("{8BC9CEB8-8B4A-11D0-8D11-00A0C91BC942}") = "RendererGdi", "src\renderer\gdi\lib\gdi.vcxproj", "{1C959542-BAC2-4E55-9A6D-13251914CBB9}"
EndProject
Project("{8BC9CEB8-8B4A-11D0-8D11-00A0C91BC942}") = "Host", "src\host\lib\hostlib.vcxproj", "{06EC74CB-9A12-429C-B551-8562EC954746}"
	ProjectSection(ProjectDependencies) = postProject
		{0CF235BD-2DA0-407E-90EE-C467E8BBC714} = {0CF235BD-2DA0-407E-90EE-C467E8BBC714}
		{18D09A24-8240-42D6-8CB6-236EEE820263} = {18D09A24-8240-42D6-8CB6-236EEE820263}
		{71CC9D78-BA29-4D93-946F-BEF5D9A3A6EF} = {71CC9D78-BA29-4D93-946F-BEF5D9A3A6EF}
	EndProjectSection
EndProject
Project("{8BC9CEB8-8B4A-11D0-8D11-00A0C91BC942}") = "TextBuffer.Unit.Tests", "src\buffer\out\ut_textbuffer\TextBuffer.Unit.Tests.vcxproj", "{531C23E7-4B76-4C08-8BBD-04164CB628C9}"
	ProjectSection(ProjectDependencies) = postProject
		{0CF235BD-2DA0-407E-90EE-C467E8BBC714} = {0CF235BD-2DA0-407E-90EE-C467E8BBC714}
	EndProjectSection
EndProject
Project("{8BC9CEB8-8B4A-11D0-8D11-00A0C91BC942}") = "TerminalParser.UnitTests", "src\terminal\parser\ut_parser\Parser.UnitTests.vcxproj", "{12144E07-FE63-4D33-9231-748B8D8C3792}"
EndProject
Project("{8BC9CEB8-8B4A-11D0-8D11-00A0C91BC942}") = "TerminalAdapter.UnitTests", "src\terminal\adapter\ut_adapter\Adapter.UnitTests.vcxproj", "{6AF01638-84CF-4B65-9870-484DFFCAC772}"
EndProject
Project("{8BC9CEB8-8B4A-11D0-8D11-00A0C91BC942}") = "TerminalParser.Fuzzer", "src\terminal\parser\ft_fuzzer\VTCommandFuzzer.vcxproj", "{96927B31-D6E8-4ABD-B03E-A5088A30BEBE}"
EndProject
Project("{8BC9CEB8-8B4A-11D0-8D11-00A0C91BC942}") = "TerminalParser.FuzzWrapper", "src\terminal\parser\ft_fuzzwrapper\FuzzWrapper.vcxproj", "{F210A4AE-E02A-4BFC-80BB-F50A672FE763}"
EndProject
Project("{8BC9CEB8-8B4A-11D0-8D11-00A0C91BC942}") = "Propsheet.DLL", "src\propsheet\propsheet.vcxproj", "{5D23E8E1-3C64-4CC1-A8F7-6861677F7239}"
EndProject
Project("{2150E333-8FDC-42A3-9474-1A3956D46DE8}") = "_Build Common", "_Build Common", "{04170EEF-983A-4195-BFEF-2321E5E38A1E}"
EndProject
Project("{8BC9CEB8-8B4A-11D0-8D11-00A0C91BC942}") = "Server", "src\server\lib\server.vcxproj", "{18D09A24-8240-42D6-8CB6-236EEE820262}"
	ProjectSection(ProjectDependencies) = postProject
		{71CC9D78-BA29-4D93-946F-BEF5D9A3A6EF} = {71CC9D78-BA29-4D93-946F-BEF5D9A3A6EF}
	EndProjectSection
EndProject
Project("{FAE04EC0-301F-11D3-BF4B-00C04F79EFBC}") = "VTApp", "src\tools\vtapp\VTApp.csproj", "{099193A0-1E43-4BBC-BA7F-7B351E1342DF}"
EndProject
Project("{2150E333-8FDC-42A3-9474-1A3956D46DE8}") = "_Tools", "_Tools", "{A10C4720-DCA4-4640-9749-67F4314F527C}"
EndProject
Project("{8BC9CEB8-8B4A-11D0-8D11-00A0C91BC942}") = "Nihilist", "src\tools\nihilist\Nihilist.vcxproj", "{FC802440-AD6A-4919-8F2C-7701F2B38D79}"
EndProject
Project("{8BC9CEB8-8B4A-11D0-8D11-00A0C91BC942}") = "FontList", "src\tools\fontlist\FontList.vcxproj", "{919544AC-D39B-463F-8414-3C3C67CF727C}"
EndProject
Project("{8BC9CEB8-8B4A-11D0-8D11-00A0C91BC942}") = "Scratch", "src\tools\scratch\Scratch.vcxproj", "{ED82003F-FC5D-4E94-8B36-F480018ED064}"
EndProject
Project("{8BC9CEB8-8B4A-11D0-8D11-00A0C91BC942}") = "InteractivityWin32", "src\interactivity\win32\lib\win32.LIB.vcxproj", "{06EC74CB-9A12-429C-B551-8532EC964726}"
	ProjectSection(ProjectDependencies) = postProject
		{1C959542-BAC2-4E55-9A6D-13251914CBB9} = {1C959542-BAC2-4E55-9A6D-13251914CBB9}
		{990F2657-8580-4828-943F-5DD657D11842} = {990F2657-8580-4828-943F-5DD657D11842}
		{AF0A096A-8B3A-4949-81EF-7DF8F0FEE91F} = {AF0A096A-8B3A-4949-81EF-7DF8F0FEE91F}
	EndProjectSection
EndProject
Project("{8BC9CEB8-8B4A-11D0-8D11-00A0C91BC942}") = "buffersize", "src\tools\buffersize\buffersize.vcxproj", "{ED82003F-FC5D-4E94-8B47-F480018ED064}"
EndProject
Project("{8BC9CEB8-8B4A-11D0-8D11-00A0C91BC942}") = "InteractivityBase", "src\interactivity\base\lib\InteractivityBase.vcxproj", "{06EC74CB-9A12-429C-B551-8562EC964846}"
EndProject
Project("{8BC9CEB8-8B4A-11D0-8D11-00A0C91BC942}") = "CloseTest", "src\tools\closetest\CloseTest.vcxproj", "{C7A6A5D9-60BE-4AEB-A5F6-AFE352F86CBB}"
EndProject
Project("{8BC9CEB8-8B4A-11D0-8D11-00A0C91BC942}") = "RendererVt", "src\renderer\vt\lib\vt.vcxproj", "{990F2657-8580-4828-943F-5DD657D11842}"
EndProject
Project("{8BC9CEB8-8B4A-11D0-8D11-00A0C91BC942}") = "VtPipeTerm", "src\tools\vtpipeterm\VtPipeTerm.vcxproj", "{814DBDDE-894E-4327-A6E1-740504850098}"
	ProjectSection(ProjectDependencies) = postProject
		{9CBD7DFA-1754-4A9D-93D7-857A9D17CB1B} = {9CBD7DFA-1754-4A9D-93D7-857A9D17CB1B}
	EndProjectSection
EndProject
Project("{8BC9CEB8-8B4A-11D0-8D11-00A0C91BC942}") = "ConEchoKey", "src\tools\echokey\ConEchoKey.vcxproj", "{814CBEEE-894E-4327-A6E1-740504850098}"
EndProject
Project("{8BC9CEB8-8B4A-11D0-8D11-00A0C91BC942}") = "Types", "src\types\lib\types.vcxproj", "{18D09A24-8240-42D6-8CB6-236EEE820263}"
EndProject
Project("{8BC9CEB8-8B4A-11D0-8D11-00A0C91BC942}") = "RendererVt.unittest", "src\renderer\vt\ut_lib\vt.unittest.vcxproj", "{990F2657-8580-4828-943F-5DD657D11843}"
EndProject
Project("{8BC9CEB8-8B4A-11D0-8D11-00A0C91BC942}") = "BufferOut", "src\buffer\out\lib\bufferout.vcxproj", "{0CF235BD-2DA0-407E-90EE-C467E8BBC714}"
EndProject
Project("{8BC9CEB8-8B4A-11D0-8D11-00A0C91BC942}") = "Internal", "src\internal\internal.vcxproj", "{EF3E32A7-5FF6-42B4-B6E2-96CD7D033F00}"
EndProject
Project("{2150E333-8FDC-42A3-9474-1A3956D46DE8}") = "gsl", "gsl", "{16376381-CE22-42BE-B667-C6B35007008D}"
	ProjectSection(SolutionItems) = preProject
		dep\gsl\include\gsl\gsl = dep\gsl\include\gsl\gsl
		dep\gsl\include\gsl\gsl_algorithm = dep\gsl\include\gsl\gsl_algorithm
		dep\gsl\include\gsl\gsl_assert = dep\gsl\include\gsl\gsl_assert
		dep\gsl\include\gsl\gsl_byte = dep\gsl\include\gsl\gsl_byte
		dep\gsl\include\gsl\gsl_util = dep\gsl\include\gsl\gsl_util
		dep\gsl\include\gsl\multi_span = dep\gsl\include\gsl\multi_span
		dep\gsl\include\gsl\pointers = dep\gsl\include\gsl\pointers
		dep\gsl\include\gsl\span = dep\gsl\include\gsl\span
		dep\gsl\include\gsl\string_span = dep\gsl\include\gsl\string_span
	EndProjectSection
EndProject
Project("{2150E333-8FDC-42A3-9474-1A3956D46DE8}") = "Virtual Terminal", "Virtual Terminal", "{F1995847-4AE5-479A-BBAF-382E51A63532}"
EndProject
Project("{2150E333-8FDC-42A3-9474-1A3956D46DE8}") = "Rendering", "Rendering", "{05500DEF-2294-41E3-AF9A-24E580B82836}"
EndProject
Project("{2150E333-8FDC-42A3-9474-1A3956D46DE8}") = "Conhost", "Conhost", "{E8F24881-5E37-4362-B191-A3BA0ED7F4EB}"
EndProject
Project("{2150E333-8FDC-42A3-9474-1A3956D46DE8}") = "Buffer", "Buffer", "{1E4A062E-293B-4817-B20D-BF16B979E350}"
EndProject
Project("{2150E333-8FDC-42A3-9474-1A3956D46DE8}") = "Shared", "Shared", "{89CDCC5C-9F53-4054-97A4-639D99F169CD}"
EndProject
Project("{8BC9CEB8-8B4A-11D0-8D11-00A0C91BC942}") = "RendererUia", "src\renderer\uia\lib\uia.vcxproj", "{48D21369-3D7B-4431-9967-24E81292CF63}"
EndProject
Project("{8BC9CEB8-8B4A-11D0-8D11-00A0C91BC942}") = "winconpty.LIB", "src\winconpty\lib\winconptylib.vcxproj", "{58A03BB2-DF5A-4B66-91A0-7EF3BA01269A}"
EndProject
Project("{8BC9CEB8-8B4A-11D0-8D11-00A0C91BC942}") = "winconpty.DLL", "src\winconpty\dll\winconptydll.vcxproj", "{A22EC5F6-7851-4B88-AC52-47249D437A52}"
EndProject
Project("{8BC9CEB8-8B4A-11D0-8D11-00A0C91BC942}") = "U8U16Test", "src\tools\U8U16Test\U8U16Test.vcxproj", "{A602A555-BAAC-46E1-A91D-3DAB0475C5A1}"
EndProject
Project("{2150E333-8FDC-42A3-9474-1A3956D46DE8}") = "Common Props", "Common Props", "{53DD5520-E64C-4C06-B472-7CE62CA539C9}"
	ProjectSection(SolutionItems) = preProject
		src\common.build.post.props = src\common.build.post.props
		src\common.build.pre.props = src\common.build.pre.props
		src\common.build.tests.props = src\common.build.tests.props
		src\common.nugetversions.props = src\common.nugetversions.props
		src\common.nugetversions.targets = src\common.nugetversions.targets
		common.openconsole.props = common.openconsole.props
		src\cppwinrt.build.post.props = src\cppwinrt.build.post.props
		src\cppwinrt.build.pre.props = src\cppwinrt.build.pre.props
		src\wap-common.build.post.props = src\wap-common.build.post.props
		src\wap-common.build.pre.props = src\wap-common.build.pre.props
	EndProjectSection
EndProject
Project("{2150E333-8FDC-42A3-9474-1A3956D46DE8}") = "YAML", "YAML", "{6B5A44ED-918D-4747-BFB1-2472A1FCA173}"
	ProjectSection(SolutionItems) = preProject
		build\pipelines\templates\build-console-audit-job.yml = build\pipelines\templates\build-console-audit-job.yml
		build\pipelines\templates\build-console-ci.yml = build\pipelines\templates\build-console-ci.yml
		build\pipelines\templates\build-console-int.yml = build\pipelines\templates\build-console-int.yml
		build\pipelines\templates\build-console-steps.yml = build\pipelines\templates\build-console-steps.yml
		build\pipelines\templates\check-formatting.yml = build\pipelines\templates\check-formatting.yml
		build\pipelines\ci.yml = build\pipelines\ci.yml
		build\pipelines\templates\release-sign-and-bundle.yml = build\pipelines\templates\release-sign-and-bundle.yml
		build\pipelines\release.yml = build\pipelines\release.yml
	EndProjectSection
EndProject
Project("{2150E333-8FDC-42A3-9474-1A3956D46DE8}") = "Scripts", "Scripts", "{D3EF7B96-CD5E-47C9-B9A9-136259563033}"
	ProjectSection(SolutionItems) = preProject
		build\scripts\Create-AppxBundle.ps1 = build\scripts\Create-AppxBundle.ps1
		build\scripts\Index-Pdbs.ps1 = build\scripts\Index-Pdbs.ps1
		build\scripts\Invoke-FormattingCheck.ps1 = build\scripts\Invoke-FormattingCheck.ps1
		build\scripts\Run-Tests.ps1 = build\scripts\Run-Tests.ps1
		build\scripts\Test-WindowsTerminalPackage.ps1 = build\scripts\Test-WindowsTerminalPackage.ps1
	EndProjectSection
EndProject
Project("{8BC9CEB8-8B4A-11D0-8D11-00A0C91BC942}") = "fmt", "src\dep\fmt\fmt.vcxproj", "{6BAE5851-50D5-4934-8D5E-30361A8A40F3}"
EndProject
Project("{8BC9CEB8-8B4A-11D0-8D11-00A0C91BC942}") = "MonarchPeasantSample", "src\tools\MonarchPeasantSample\MonarchPeasantSample.vcxproj", "{21B7EA5E-1EF8-49B6-AC07-11714AF0E37D}"
	ProjectSection(ProjectDependencies) = postProject
		{18D09A24-8240-42D6-8CB6-236EEE820263} = {18D09A24-8240-42D6-8CB6-236EEE820263}
	EndProjectSection
EndProject
Project("{C7167F0D-BC9F-4E6E-AFE1-012C56B48DB5}") = "MonarchPeasantPackage", "src\tools\MonarchPeasantPackage\MonarchPeasantPackage.wapproj", "{F75E29D0-D288-478B-8D83-2C190F321A3F}"
EndProject
Project("{8BC9CEB8-8B4A-11D0-8D11-00A0C91BC942}") = "OpenConsoleProxy", "src\host\proxy\Host.Proxy.vcxproj", "{71CC9D78-BA29-4D93-946F-BEF5D9A3A6EF}"
EndProject
Project("{8BC9CEB8-8B4A-11D0-8D11-00A0C91BC942}") = "RendererAtlas", "src\renderer\atlas\atlas.vcxproj", "{8222900C-8B6C-452A-91AC-BE95DB04B95F}"
EndProject
Project("{8BC9CEB8-8B4A-11D0-8D11-00A0C91BC942}") = "InteractivityOneCore", "src\interactivity\onecore\lib\onecore.LIB.vcxproj", "{06EC74CB-9A12-428C-B551-8537EC964726}"
EndProject
Project("{8BC9CEB8-8B4A-11D0-8D11-00A0C91BC942}") = "RendererWddmCon", "src\renderer\wddmcon\lib\wddmcon.vcxproj", "{75C6F576-18E9-4566-978A-F0A301CAC090}"
EndProject
Project("{2150E333-8FDC-42A3-9474-1A3956D46DE8}") = "Audio", "Audio", "{40BD8415-DD93-4200-8D82-498DDDC08CC8}"
EndProject
Project("{8BC9CEB8-8B4A-11D0-8D11-00A0C91BC942}") = "MidiAudio", "src\audio\midi\lib\midi.vcxproj", "{3C67784E-1453-49C2-9660-483E2CC7F7AD}"
EndProject
Project("{8BC9CEB8-8B4A-11D0-8D11-00A0C91BC942}") = "RenderingTests", "src\tools\RenderingTests\RenderingTests.vcxproj", "{37C995E0-2349-4154-8E77-4A52C0C7F46D}"
EndProject
Project("{8BC9CEB8-8B4A-11D0-8D11-00A0C91BC942}") = "benchcat", "src\tools\benchcat\benchcat.vcxproj", "{2C836962-9543-4CE5-B834-D28E1F124B66}"
EndProject
Project("{8BC9CEB8-8B4A-11D0-8D11-00A0C91BC942}") = "ConsoleMonitor", "src\tools\ConsoleMonitor\ConsoleMonitor.vcxproj", "{328729E9-6723-416E-9C98-951F1473BBE1}"
EndProject
Project("{8BC9CEB8-8B4A-11D0-8D11-00A0C91BC942}") = "ConsoleBench", "src\tools\ConsoleBench\ConsoleBench.vcxproj", "{BE92101C-04F8-48DA-99F0-E1F4F1D2DC48}"
EndProject
Global
	GlobalSection(SolutionConfigurationPlatforms) = preSolution
		Debug|Any CPU = Debug|Any CPU
		Debug|ARM64 = Debug|ARM64
		Debug|x64 = Debug|x64
		Debug|x86 = Debug|x86
		Release|Any CPU = Release|Any CPU
		Release|ARM64 = Release|ARM64
		Release|x64 = Release|x64
		Release|x86 = Release|x86
	EndGlobalSection
	GlobalSection(ProjectConfigurationPlatforms) = postSolution
		{9CBD7DFA-1754-4A9D-93D7-857A9D17CB1B}.Debug|Any CPU.ActiveCfg = Debug|Win32
		{9CBD7DFA-1754-4A9D-93D7-857A9D17CB1B}.Debug|ARM64.ActiveCfg = Debug|ARM64
		{9CBD7DFA-1754-4A9D-93D7-857A9D17CB1B}.Debug|ARM64.Build.0 = Debug|ARM64
		{9CBD7DFA-1754-4A9D-93D7-857A9D17CB1B}.Debug|x64.ActiveCfg = Debug|x64
		{9CBD7DFA-1754-4A9D-93D7-857A9D17CB1B}.Debug|x64.Build.0 = Debug|x64
		{9CBD7DFA-1754-4A9D-93D7-857A9D17CB1B}.Debug|x64.Deploy.0 = Debug|x64
		{9CBD7DFA-1754-4A9D-93D7-857A9D17CB1B}.Debug|x86.ActiveCfg = Debug|Win32
		{9CBD7DFA-1754-4A9D-93D7-857A9D17CB1B}.Debug|x86.Build.0 = Debug|Win32
		{9CBD7DFA-1754-4A9D-93D7-857A9D17CB1B}.Release|Any CPU.ActiveCfg = Release|Win32
		{9CBD7DFA-1754-4A9D-93D7-857A9D17CB1B}.Release|ARM64.ActiveCfg = Release|ARM64
		{9CBD7DFA-1754-4A9D-93D7-857A9D17CB1B}.Release|ARM64.Build.0 = Release|ARM64
		{9CBD7DFA-1754-4A9D-93D7-857A9D17CB1B}.Release|x64.ActiveCfg = Release|x64
		{9CBD7DFA-1754-4A9D-93D7-857A9D17CB1B}.Release|x64.Build.0 = Release|x64
		{9CBD7DFA-1754-4A9D-93D7-857A9D17CB1B}.Release|x86.ActiveCfg = Release|Win32
		{9CBD7DFA-1754-4A9D-93D7-857A9D17CB1B}.Release|x86.Build.0 = Release|Win32
		{345FD5A4-B32B-4F29-BD1C-B033BD2C35CC}.Debug|Any CPU.ActiveCfg = Debug|Win32
		{345FD5A4-B32B-4F29-BD1C-B033BD2C35CC}.Debug|ARM64.ActiveCfg = Debug|ARM64
		{345FD5A4-B32B-4F29-BD1C-B033BD2C35CC}.Debug|ARM64.Build.0 = Debug|ARM64
		{345FD5A4-B32B-4F29-BD1C-B033BD2C35CC}.Debug|x64.ActiveCfg = Debug|x64
		{345FD5A4-B32B-4F29-BD1C-B033BD2C35CC}.Debug|x64.Build.0 = Debug|x64
		{345FD5A4-B32B-4F29-BD1C-B033BD2C35CC}.Debug|x86.ActiveCfg = Debug|Win32
		{345FD5A4-B32B-4F29-BD1C-B033BD2C35CC}.Debug|x86.Build.0 = Debug|Win32
		{345FD5A4-B32B-4F29-BD1C-B033BD2C35CC}.Release|Any CPU.ActiveCfg = Release|Win32
		{345FD5A4-B32B-4F29-BD1C-B033BD2C35CC}.Release|ARM64.ActiveCfg = Release|ARM64
		{345FD5A4-B32B-4F29-BD1C-B033BD2C35CC}.Release|ARM64.Build.0 = Release|ARM64
		{345FD5A4-B32B-4F29-BD1C-B033BD2C35CC}.Release|x64.ActiveCfg = Release|x64
		{345FD5A4-B32B-4F29-BD1C-B033BD2C35CC}.Release|x64.Build.0 = Release|x64
		{345FD5A4-B32B-4F29-BD1C-B033BD2C35CC}.Release|x86.ActiveCfg = Release|Win32
		{345FD5A4-B32B-4F29-BD1C-B033BD2C35CC}.Release|x86.Build.0 = Release|Win32
		{2FD12FBB-1DDB-46D8-B818-1023C624CACA}.Debug|Any CPU.ActiveCfg = Debug|Win32
		{2FD12FBB-1DDB-46D8-B818-1023C624CACA}.Debug|ARM64.ActiveCfg = Debug|ARM64
		{2FD12FBB-1DDB-46D8-B818-1023C624CACA}.Debug|ARM64.Build.0 = Debug|ARM64
		{2FD12FBB-1DDB-46D8-B818-1023C624CACA}.Debug|x64.ActiveCfg = Debug|x64
		{2FD12FBB-1DDB-46D8-B818-1023C624CACA}.Debug|x64.Build.0 = Debug|x64
		{2FD12FBB-1DDB-46D8-B818-1023C624CACA}.Debug|x86.ActiveCfg = Debug|Win32
		{2FD12FBB-1DDB-46D8-B818-1023C624CACA}.Debug|x86.Build.0 = Debug|Win32
		{2FD12FBB-1DDB-46D8-B818-1023C624CACA}.Release|Any CPU.ActiveCfg = Release|Win32
		{2FD12FBB-1DDB-46D8-B818-1023C624CACA}.Release|ARM64.ActiveCfg = Release|ARM64
		{2FD12FBB-1DDB-46D8-B818-1023C624CACA}.Release|ARM64.Build.0 = Release|ARM64
		{2FD12FBB-1DDB-46D8-B818-1023C624CACA}.Release|x64.ActiveCfg = Release|x64
		{2FD12FBB-1DDB-46D8-B818-1023C624CACA}.Release|x64.Build.0 = Release|x64
		{2FD12FBB-1DDB-46D8-B818-1023C624CACA}.Release|x86.ActiveCfg = Release|Win32
		{2FD12FBB-1DDB-46D8-B818-1023C624CACA}.Release|x86.Build.0 = Release|Win32
		{3AE13314-1939-4DFA-9C14-38CA0834050C}.Debug|Any CPU.ActiveCfg = Debug|Win32
		{3AE13314-1939-4DFA-9C14-38CA0834050C}.Debug|ARM64.ActiveCfg = Debug|ARM64
		{3AE13314-1939-4DFA-9C14-38CA0834050C}.Debug|ARM64.Build.0 = Debug|ARM64
		{3AE13314-1939-4DFA-9C14-38CA0834050C}.Debug|x64.ActiveCfg = Debug|x64
		{3AE13314-1939-4DFA-9C14-38CA0834050C}.Debug|x64.Build.0 = Debug|x64
		{3AE13314-1939-4DFA-9C14-38CA0834050C}.Debug|x86.ActiveCfg = Debug|Win32
		{3AE13314-1939-4DFA-9C14-38CA0834050C}.Debug|x86.Build.0 = Debug|Win32
		{3AE13314-1939-4DFA-9C14-38CA0834050C}.Release|Any CPU.ActiveCfg = Release|Win32
		{3AE13314-1939-4DFA-9C14-38CA0834050C}.Release|ARM64.ActiveCfg = Release|ARM64
		{3AE13314-1939-4DFA-9C14-38CA0834050C}.Release|ARM64.Build.0 = Release|ARM64
		{3AE13314-1939-4DFA-9C14-38CA0834050C}.Release|x64.ActiveCfg = Release|x64
		{3AE13314-1939-4DFA-9C14-38CA0834050C}.Release|x64.Build.0 = Release|x64
		{3AE13314-1939-4DFA-9C14-38CA0834050C}.Release|x86.ActiveCfg = Release|Win32
		{3AE13314-1939-4DFA-9C14-38CA0834050C}.Release|x86.Build.0 = Release|Win32
		{DCF55140-EF6A-4736-A403-957E4F7430BB}.Debug|Any CPU.ActiveCfg = Debug|Win32
		{DCF55140-EF6A-4736-A403-957E4F7430BB}.Debug|ARM64.ActiveCfg = Debug|ARM64
		{DCF55140-EF6A-4736-A403-957E4F7430BB}.Debug|ARM64.Build.0 = Debug|ARM64
		{DCF55140-EF6A-4736-A403-957E4F7430BB}.Debug|x64.ActiveCfg = Debug|x64
		{DCF55140-EF6A-4736-A403-957E4F7430BB}.Debug|x64.Build.0 = Debug|x64
		{DCF55140-EF6A-4736-A403-957E4F7430BB}.Debug|x86.ActiveCfg = Debug|Win32
		{DCF55140-EF6A-4736-A403-957E4F7430BB}.Debug|x86.Build.0 = Debug|Win32
		{DCF55140-EF6A-4736-A403-957E4F7430BB}.Release|Any CPU.ActiveCfg = Release|Win32
		{DCF55140-EF6A-4736-A403-957E4F7430BB}.Release|ARM64.ActiveCfg = Release|ARM64
		{DCF55140-EF6A-4736-A403-957E4F7430BB}.Release|ARM64.Build.0 = Release|ARM64
		{DCF55140-EF6A-4736-A403-957E4F7430BB}.Release|x64.ActiveCfg = Release|x64
		{DCF55140-EF6A-4736-A403-957E4F7430BB}.Release|x64.Build.0 = Release|x64
		{DCF55140-EF6A-4736-A403-957E4F7430BB}.Release|x86.ActiveCfg = Release|Win32
		{DCF55140-EF6A-4736-A403-957E4F7430BB}.Release|x86.Build.0 = Release|Win32
		{1CF55140-EF6A-4736-A403-957E4F7430BB}.Debug|Any CPU.ActiveCfg = Debug|Win32
		{1CF55140-EF6A-4736-A403-957E4F7430BB}.Debug|ARM64.ActiveCfg = Debug|ARM64
		{1CF55140-EF6A-4736-A403-957E4F7430BB}.Debug|ARM64.Build.0 = Debug|ARM64
		{1CF55140-EF6A-4736-A403-957E4F7430BB}.Debug|x64.ActiveCfg = Debug|x64
		{1CF55140-EF6A-4736-A403-957E4F7430BB}.Debug|x64.Build.0 = Debug|x64
		{1CF55140-EF6A-4736-A403-957E4F7430BB}.Debug|x86.ActiveCfg = Debug|Win32
		{1CF55140-EF6A-4736-A403-957E4F7430BB}.Debug|x86.Build.0 = Debug|Win32
		{1CF55140-EF6A-4736-A403-957E4F7430BB}.Release|Any CPU.ActiveCfg = Release|Win32
		{1CF55140-EF6A-4736-A403-957E4F7430BB}.Release|ARM64.ActiveCfg = Release|ARM64
		{1CF55140-EF6A-4736-A403-957E4F7430BB}.Release|ARM64.Build.0 = Release|ARM64
		{1CF55140-EF6A-4736-A403-957E4F7430BB}.Release|x64.ActiveCfg = Release|x64
		{1CF55140-EF6A-4736-A403-957E4F7430BB}.Release|x64.Build.0 = Release|x64
		{1CF55140-EF6A-4736-A403-957E4F7430BB}.Release|x86.ActiveCfg = Release|Win32
		{1CF55140-EF6A-4736-A403-957E4F7430BB}.Release|x86.Build.0 = Release|Win32
		{AF0A096A-8B3A-4949-81EF-7DF8F0FEE91F}.Debug|Any CPU.ActiveCfg = Debug|Win32
		{AF0A096A-8B3A-4949-81EF-7DF8F0FEE91F}.Debug|ARM64.ActiveCfg = Debug|ARM64
		{AF0A096A-8B3A-4949-81EF-7DF8F0FEE91F}.Debug|ARM64.Build.0 = Debug|ARM64
		{AF0A096A-8B3A-4949-81EF-7DF8F0FEE91F}.Debug|x64.ActiveCfg = Debug|x64
		{AF0A096A-8B3A-4949-81EF-7DF8F0FEE91F}.Debug|x64.Build.0 = Debug|x64
		{AF0A096A-8B3A-4949-81EF-7DF8F0FEE91F}.Debug|x86.ActiveCfg = Debug|Win32
		{AF0A096A-8B3A-4949-81EF-7DF8F0FEE91F}.Debug|x86.Build.0 = Debug|Win32
		{AF0A096A-8B3A-4949-81EF-7DF8F0FEE91F}.Release|Any CPU.ActiveCfg = Release|Win32
		{AF0A096A-8B3A-4949-81EF-7DF8F0FEE91F}.Release|ARM64.ActiveCfg = Release|ARM64
		{AF0A096A-8B3A-4949-81EF-7DF8F0FEE91F}.Release|ARM64.Build.0 = Release|ARM64
		{AF0A096A-8B3A-4949-81EF-7DF8F0FEE91F}.Release|x64.ActiveCfg = Release|x64
		{AF0A096A-8B3A-4949-81EF-7DF8F0FEE91F}.Release|x64.Build.0 = Release|x64
		{AF0A096A-8B3A-4949-81EF-7DF8F0FEE91F}.Release|x86.ActiveCfg = Release|Win32
		{AF0A096A-8B3A-4949-81EF-7DF8F0FEE91F}.Release|x86.Build.0 = Release|Win32
		{1C959542-BAC2-4E55-9A6D-13251914CBB9}.Debug|Any CPU.ActiveCfg = Debug|Win32
		{1C959542-BAC2-4E55-9A6D-13251914CBB9}.Debug|ARM64.ActiveCfg = Debug|ARM64
		{1C959542-BAC2-4E55-9A6D-13251914CBB9}.Debug|ARM64.Build.0 = Debug|ARM64
		{1C959542-BAC2-4E55-9A6D-13251914CBB9}.Debug|x64.ActiveCfg = Debug|x64
		{1C959542-BAC2-4E55-9A6D-13251914CBB9}.Debug|x64.Build.0 = Debug|x64
		{1C959542-BAC2-4E55-9A6D-13251914CBB9}.Debug|x86.ActiveCfg = Debug|Win32
		{1C959542-BAC2-4E55-9A6D-13251914CBB9}.Debug|x86.Build.0 = Debug|Win32
		{1C959542-BAC2-4E55-9A6D-13251914CBB9}.Release|Any CPU.ActiveCfg = Release|Win32
		{1C959542-BAC2-4E55-9A6D-13251914CBB9}.Release|ARM64.ActiveCfg = Release|ARM64
		{1C959542-BAC2-4E55-9A6D-13251914CBB9}.Release|ARM64.Build.0 = Release|ARM64
		{1C959542-BAC2-4E55-9A6D-13251914CBB9}.Release|x64.ActiveCfg = Release|x64
		{1C959542-BAC2-4E55-9A6D-13251914CBB9}.Release|x64.Build.0 = Release|x64
		{1C959542-BAC2-4E55-9A6D-13251914CBB9}.Release|x86.ActiveCfg = Release|Win32
		{1C959542-BAC2-4E55-9A6D-13251914CBB9}.Release|x86.Build.0 = Release|Win32
		{06EC74CB-9A12-429C-B551-8562EC954746}.Debug|Any CPU.ActiveCfg = Debug|Win32
		{06EC74CB-9A12-429C-B551-8562EC954746}.Debug|ARM64.ActiveCfg = Debug|ARM64
		{06EC74CB-9A12-429C-B551-8562EC954746}.Debug|ARM64.Build.0 = Debug|ARM64
		{06EC74CB-9A12-429C-B551-8562EC954746}.Debug|x64.ActiveCfg = Debug|x64
		{06EC74CB-9A12-429C-B551-8562EC954746}.Debug|x64.Build.0 = Debug|x64
		{06EC74CB-9A12-429C-B551-8562EC954746}.Debug|x86.ActiveCfg = Debug|Win32
		{06EC74CB-9A12-429C-B551-8562EC954746}.Debug|x86.Build.0 = Debug|Win32
		{06EC74CB-9A12-429C-B551-8562EC954746}.Release|Any CPU.ActiveCfg = Release|Win32
		{06EC74CB-9A12-429C-B551-8562EC954746}.Release|ARM64.ActiveCfg = Release|ARM64
		{06EC74CB-9A12-429C-B551-8562EC954746}.Release|ARM64.Build.0 = Release|ARM64
		{06EC74CB-9A12-429C-B551-8562EC954746}.Release|x64.ActiveCfg = Release|x64
		{06EC74CB-9A12-429C-B551-8562EC954746}.Release|x64.Build.0 = Release|x64
		{06EC74CB-9A12-429C-B551-8562EC954746}.Release|x86.ActiveCfg = Release|Win32
		{06EC74CB-9A12-429C-B551-8562EC954746}.Release|x86.Build.0 = Release|Win32
		{531C23E7-4B76-4C08-8BBD-04164CB628C9}.Debug|Any CPU.ActiveCfg = Debug|Win32
		{531C23E7-4B76-4C08-8BBD-04164CB628C9}.Debug|ARM64.ActiveCfg = Debug|ARM64
		{531C23E7-4B76-4C08-8BBD-04164CB628C9}.Debug|ARM64.Build.0 = Debug|ARM64
		{531C23E7-4B76-4C08-8BBD-04164CB628C9}.Debug|x64.ActiveCfg = Debug|x64
		{531C23E7-4B76-4C08-8BBD-04164CB628C9}.Debug|x64.Build.0 = Debug|x64
		{531C23E7-4B76-4C08-8BBD-04164CB628C9}.Debug|x86.ActiveCfg = Debug|Win32
		{531C23E7-4B76-4C08-8BBD-04164CB628C9}.Debug|x86.Build.0 = Debug|Win32
		{531C23E7-4B76-4C08-8BBD-04164CB628C9}.Release|Any CPU.ActiveCfg = Release|Win32
		{531C23E7-4B76-4C08-8BBD-04164CB628C9}.Release|ARM64.ActiveCfg = Release|ARM64
		{531C23E7-4B76-4C08-8BBD-04164CB628C9}.Release|ARM64.Build.0 = Release|ARM64
		{531C23E7-4B76-4C08-8BBD-04164CB628C9}.Release|x64.ActiveCfg = Release|x64
		{531C23E7-4B76-4C08-8BBD-04164CB628C9}.Release|x64.Build.0 = Release|x64
		{531C23E7-4B76-4C08-8BBD-04164CB628C9}.Release|x86.ActiveCfg = Release|Win32
		{531C23E7-4B76-4C08-8BBD-04164CB628C9}.Release|x86.Build.0 = Release|Win32
		{12144E07-FE63-4D33-9231-748B8D8C3792}.Debug|Any CPU.ActiveCfg = Debug|Win32
		{12144E07-FE63-4D33-9231-748B8D8C3792}.Debug|ARM64.ActiveCfg = Debug|ARM64
		{12144E07-FE63-4D33-9231-748B8D8C3792}.Debug|ARM64.Build.0 = Debug|ARM64
		{12144E07-FE63-4D33-9231-748B8D8C3792}.Debug|x64.ActiveCfg = Debug|x64
		{12144E07-FE63-4D33-9231-748B8D8C3792}.Debug|x64.Build.0 = Debug|x64
		{12144E07-FE63-4D33-9231-748B8D8C3792}.Debug|x86.ActiveCfg = Debug|Win32
		{12144E07-FE63-4D33-9231-748B8D8C3792}.Debug|x86.Build.0 = Debug|Win32
		{12144E07-FE63-4D33-9231-748B8D8C3792}.Release|Any CPU.ActiveCfg = Release|Win32
		{12144E07-FE63-4D33-9231-748B8D8C3792}.Release|ARM64.ActiveCfg = Release|ARM64
		{12144E07-FE63-4D33-9231-748B8D8C3792}.Release|ARM64.Build.0 = Release|ARM64
		{12144E07-FE63-4D33-9231-748B8D8C3792}.Release|x64.ActiveCfg = Release|x64
		{12144E07-FE63-4D33-9231-748B8D8C3792}.Release|x64.Build.0 = Release|x64
		{12144E07-FE63-4D33-9231-748B8D8C3792}.Release|x86.ActiveCfg = Release|Win32
		{12144E07-FE63-4D33-9231-748B8D8C3792}.Release|x86.Build.0 = Release|Win32
		{6AF01638-84CF-4B65-9870-484DFFCAC772}.Debug|Any CPU.ActiveCfg = Debug|Win32
		{6AF01638-84CF-4B65-9870-484DFFCAC772}.Debug|ARM64.ActiveCfg = Debug|ARM64
		{6AF01638-84CF-4B65-9870-484DFFCAC772}.Debug|ARM64.Build.0 = Debug|ARM64
		{6AF01638-84CF-4B65-9870-484DFFCAC772}.Debug|x64.ActiveCfg = Debug|x64
		{6AF01638-84CF-4B65-9870-484DFFCAC772}.Debug|x64.Build.0 = Debug|x64
		{6AF01638-84CF-4B65-9870-484DFFCAC772}.Debug|x86.ActiveCfg = Debug|Win32
		{6AF01638-84CF-4B65-9870-484DFFCAC772}.Debug|x86.Build.0 = Debug|Win32
		{6AF01638-84CF-4B65-9870-484DFFCAC772}.Release|Any CPU.ActiveCfg = Release|Win32
		{6AF01638-84CF-4B65-9870-484DFFCAC772}.Release|ARM64.ActiveCfg = Release|ARM64
		{6AF01638-84CF-4B65-9870-484DFFCAC772}.Release|ARM64.Build.0 = Release|ARM64
		{6AF01638-84CF-4B65-9870-484DFFCAC772}.Release|x64.ActiveCfg = Release|x64
		{6AF01638-84CF-4B65-9870-484DFFCAC772}.Release|x64.Build.0 = Release|x64
		{6AF01638-84CF-4B65-9870-484DFFCAC772}.Release|x86.ActiveCfg = Release|Win32
		{6AF01638-84CF-4B65-9870-484DFFCAC772}.Release|x86.Build.0 = Release|Win32
		{96927B31-D6E8-4ABD-B03E-A5088A30BEBE}.Debug|Any CPU.ActiveCfg = Debug|Win32
		{96927B31-D6E8-4ABD-B03E-A5088A30BEBE}.Debug|ARM64.ActiveCfg = Debug|ARM64
		{96927B31-D6E8-4ABD-B03E-A5088A30BEBE}.Debug|ARM64.Build.0 = Debug|ARM64
		{96927B31-D6E8-4ABD-B03E-A5088A30BEBE}.Debug|x64.ActiveCfg = Debug|x64
		{96927B31-D6E8-4ABD-B03E-A5088A30BEBE}.Debug|x64.Build.0 = Debug|x64
		{96927B31-D6E8-4ABD-B03E-A5088A30BEBE}.Debug|x86.ActiveCfg = Debug|Win32
		{96927B31-D6E8-4ABD-B03E-A5088A30BEBE}.Debug|x86.Build.0 = Debug|Win32
		{96927B31-D6E8-4ABD-B03E-A5088A30BEBE}.Release|Any CPU.ActiveCfg = Release|Win32
		{96927B31-D6E8-4ABD-B03E-A5088A30BEBE}.Release|ARM64.ActiveCfg = Release|ARM64
		{96927B31-D6E8-4ABD-B03E-A5088A30BEBE}.Release|ARM64.Build.0 = Release|ARM64
		{96927B31-D6E8-4ABD-B03E-A5088A30BEBE}.Release|x64.ActiveCfg = Release|x64
		{96927B31-D6E8-4ABD-B03E-A5088A30BEBE}.Release|x64.Build.0 = Release|x64
		{96927B31-D6E8-4ABD-B03E-A5088A30BEBE}.Release|x86.ActiveCfg = Release|Win32
		{96927B31-D6E8-4ABD-B03E-A5088A30BEBE}.Release|x86.Build.0 = Release|Win32
		{F210A4AE-E02A-4BFC-80BB-F50A672FE763}.Debug|Any CPU.ActiveCfg = Debug|Win32
		{F210A4AE-E02A-4BFC-80BB-F50A672FE763}.Debug|ARM64.ActiveCfg = Debug|ARM64
		{F210A4AE-E02A-4BFC-80BB-F50A672FE763}.Debug|ARM64.Build.0 = Debug|ARM64
		{F210A4AE-E02A-4BFC-80BB-F50A672FE763}.Debug|x64.ActiveCfg = Debug|x64
		{F210A4AE-E02A-4BFC-80BB-F50A672FE763}.Debug|x64.Build.0 = Debug|x64
		{F210A4AE-E02A-4BFC-80BB-F50A672FE763}.Debug|x86.ActiveCfg = Debug|Win32
		{F210A4AE-E02A-4BFC-80BB-F50A672FE763}.Debug|x86.Build.0 = Debug|Win32
		{F210A4AE-E02A-4BFC-80BB-F50A672FE763}.Release|Any CPU.ActiveCfg = Release|Win32
		{F210A4AE-E02A-4BFC-80BB-F50A672FE763}.Release|ARM64.ActiveCfg = Release|ARM64
		{F210A4AE-E02A-4BFC-80BB-F50A672FE763}.Release|ARM64.Build.0 = Release|ARM64
		{F210A4AE-E02A-4BFC-80BB-F50A672FE763}.Release|x64.ActiveCfg = Release|x64
		{F210A4AE-E02A-4BFC-80BB-F50A672FE763}.Release|x64.Build.0 = Release|x64
		{F210A4AE-E02A-4BFC-80BB-F50A672FE763}.Release|x86.ActiveCfg = Release|Win32
		{F210A4AE-E02A-4BFC-80BB-F50A672FE763}.Release|x86.Build.0 = Release|Win32
		{5D23E8E1-3C64-4CC1-A8F7-6861677F7239}.Debug|Any CPU.ActiveCfg = Debug|Win32
		{5D23E8E1-3C64-4CC1-A8F7-6861677F7239}.Debug|ARM64.ActiveCfg = Debug|ARM64
		{5D23E8E1-3C64-4CC1-A8F7-6861677F7239}.Debug|ARM64.Build.0 = Debug|ARM64
		{5D23E8E1-3C64-4CC1-A8F7-6861677F7239}.Debug|x64.ActiveCfg = Debug|x64
		{5D23E8E1-3C64-4CC1-A8F7-6861677F7239}.Debug|x64.Build.0 = Debug|x64
		{5D23E8E1-3C64-4CC1-A8F7-6861677F7239}.Debug|x86.ActiveCfg = Debug|Win32
		{5D23E8E1-3C64-4CC1-A8F7-6861677F7239}.Debug|x86.Build.0 = Debug|Win32
		{5D23E8E1-3C64-4CC1-A8F7-6861677F7239}.Release|Any CPU.ActiveCfg = Release|Win32
		{5D23E8E1-3C64-4CC1-A8F7-6861677F7239}.Release|ARM64.ActiveCfg = Release|ARM64
		{5D23E8E1-3C64-4CC1-A8F7-6861677F7239}.Release|ARM64.Build.0 = Release|ARM64
		{5D23E8E1-3C64-4CC1-A8F7-6861677F7239}.Release|x64.ActiveCfg = Release|x64
		{5D23E8E1-3C64-4CC1-A8F7-6861677F7239}.Release|x64.Build.0 = Release|x64
		{5D23E8E1-3C64-4CC1-A8F7-6861677F7239}.Release|x86.ActiveCfg = Release|Win32
		{5D23E8E1-3C64-4CC1-A8F7-6861677F7239}.Release|x86.Build.0 = Release|Win32
		{18D09A24-8240-42D6-8CB6-236EEE820262}.Debug|Any CPU.ActiveCfg = Debug|Win32
		{18D09A24-8240-42D6-8CB6-236EEE820262}.Debug|ARM64.ActiveCfg = Debug|ARM64
		{18D09A24-8240-42D6-8CB6-236EEE820262}.Debug|ARM64.Build.0 = Debug|ARM64
		{18D09A24-8240-42D6-8CB6-236EEE820262}.Debug|x64.ActiveCfg = Debug|x64
		{18D09A24-8240-42D6-8CB6-236EEE820262}.Debug|x64.Build.0 = Debug|x64
		{18D09A24-8240-42D6-8CB6-236EEE820262}.Debug|x86.ActiveCfg = Debug|Win32
		{18D09A24-8240-42D6-8CB6-236EEE820262}.Debug|x86.Build.0 = Debug|Win32
		{18D09A24-8240-42D6-8CB6-236EEE820262}.Release|Any CPU.ActiveCfg = Release|Win32
		{18D09A24-8240-42D6-8CB6-236EEE820262}.Release|ARM64.ActiveCfg = Release|ARM64
		{18D09A24-8240-42D6-8CB6-236EEE820262}.Release|ARM64.Build.0 = Release|ARM64
		{18D09A24-8240-42D6-8CB6-236EEE820262}.Release|x64.ActiveCfg = Release|x64
		{18D09A24-8240-42D6-8CB6-236EEE820262}.Release|x64.Build.0 = Release|x64
		{18D09A24-8240-42D6-8CB6-236EEE820262}.Release|x86.ActiveCfg = Release|Win32
		{18D09A24-8240-42D6-8CB6-236EEE820262}.Release|x86.Build.0 = Release|Win32
		{099193A0-1E43-4BBC-BA7F-7B351E1342DF}.Debug|Any CPU.ActiveCfg = Debug|Win32
		{099193A0-1E43-4BBC-BA7F-7B351E1342DF}.Debug|ARM64.ActiveCfg = Debug|Win32
		{099193A0-1E43-4BBC-BA7F-7B351E1342DF}.Debug|x64.ActiveCfg = Debug|x64
		{099193A0-1E43-4BBC-BA7F-7B351E1342DF}.Debug|x64.Build.0 = Debug|x64
		{099193A0-1E43-4BBC-BA7F-7B351E1342DF}.Debug|x86.ActiveCfg = Debug|Win32
		{099193A0-1E43-4BBC-BA7F-7B351E1342DF}.Debug|x86.Build.0 = Debug|Win32
		{099193A0-1E43-4BBC-BA7F-7B351E1342DF}.Release|Any CPU.ActiveCfg = Release|Win32
		{099193A0-1E43-4BBC-BA7F-7B351E1342DF}.Release|ARM64.ActiveCfg = Release|ARM64
		{099193A0-1E43-4BBC-BA7F-7B351E1342DF}.Release|x64.ActiveCfg = Release|x64
		{099193A0-1E43-4BBC-BA7F-7B351E1342DF}.Release|x64.Build.0 = Release|x64
		{099193A0-1E43-4BBC-BA7F-7B351E1342DF}.Release|x86.ActiveCfg = Release|Win32
		{099193A0-1E43-4BBC-BA7F-7B351E1342DF}.Release|x86.Build.0 = Release|Win32
		{FC802440-AD6A-4919-8F2C-7701F2B38D79}.Debug|Any CPU.ActiveCfg = Debug|Win32
		{FC802440-AD6A-4919-8F2C-7701F2B38D79}.Debug|ARM64.ActiveCfg = Debug|ARM64
		{FC802440-AD6A-4919-8F2C-7701F2B38D79}.Debug|ARM64.Build.0 = Debug|ARM64
		{FC802440-AD6A-4919-8F2C-7701F2B38D79}.Debug|x64.ActiveCfg = Debug|x64
		{FC802440-AD6A-4919-8F2C-7701F2B38D79}.Debug|x64.Build.0 = Debug|x64
		{FC802440-AD6A-4919-8F2C-7701F2B38D79}.Debug|x86.ActiveCfg = Debug|Win32
		{FC802440-AD6A-4919-8F2C-7701F2B38D79}.Debug|x86.Build.0 = Debug|Win32
		{FC802440-AD6A-4919-8F2C-7701F2B38D79}.Release|Any CPU.ActiveCfg = Release|Win32
		{FC802440-AD6A-4919-8F2C-7701F2B38D79}.Release|ARM64.ActiveCfg = Release|ARM64
		{FC802440-AD6A-4919-8F2C-7701F2B38D79}.Release|ARM64.Build.0 = Release|ARM64
		{FC802440-AD6A-4919-8F2C-7701F2B38D79}.Release|x64.ActiveCfg = Release|x64
		{FC802440-AD6A-4919-8F2C-7701F2B38D79}.Release|x64.Build.0 = Release|x64
		{FC802440-AD6A-4919-8F2C-7701F2B38D79}.Release|x86.ActiveCfg = Release|Win32
		{FC802440-AD6A-4919-8F2C-7701F2B38D79}.Release|x86.Build.0 = Release|Win32
		{919544AC-D39B-463F-8414-3C3C67CF727C}.Debug|Any CPU.ActiveCfg = Debug|Win32
		{919544AC-D39B-463F-8414-3C3C67CF727C}.Debug|ARM64.ActiveCfg = Debug|ARM64
		{919544AC-D39B-463F-8414-3C3C67CF727C}.Debug|ARM64.Build.0 = Debug|ARM64
		{919544AC-D39B-463F-8414-3C3C67CF727C}.Debug|x64.ActiveCfg = Debug|x64
		{919544AC-D39B-463F-8414-3C3C67CF727C}.Debug|x64.Build.0 = Debug|x64
		{919544AC-D39B-463F-8414-3C3C67CF727C}.Debug|x86.ActiveCfg = Debug|Win32
		{919544AC-D39B-463F-8414-3C3C67CF727C}.Debug|x86.Build.0 = Debug|Win32
		{919544AC-D39B-463F-8414-3C3C67CF727C}.Release|Any CPU.ActiveCfg = Release|Win32
		{919544AC-D39B-463F-8414-3C3C67CF727C}.Release|ARM64.ActiveCfg = Release|ARM64
		{919544AC-D39B-463F-8414-3C3C67CF727C}.Release|ARM64.Build.0 = Release|ARM64
		{919544AC-D39B-463F-8414-3C3C67CF727C}.Release|x64.ActiveCfg = Release|x64
		{919544AC-D39B-463F-8414-3C3C67CF727C}.Release|x64.Build.0 = Release|x64
		{919544AC-D39B-463F-8414-3C3C67CF727C}.Release|x86.ActiveCfg = Release|Win32
		{919544AC-D39B-463F-8414-3C3C67CF727C}.Release|x86.Build.0 = Release|Win32
		{ED82003F-FC5D-4E94-8B36-F480018ED064}.Debug|Any CPU.ActiveCfg = Debug|Win32
		{ED82003F-FC5D-4E94-8B36-F480018ED064}.Debug|ARM64.ActiveCfg = Debug|ARM64
		{ED82003F-FC5D-4E94-8B36-F480018ED064}.Debug|ARM64.Build.0 = Debug|ARM64
		{ED82003F-FC5D-4E94-8B36-F480018ED064}.Debug|x64.ActiveCfg = Debug|x64
		{ED82003F-FC5D-4E94-8B36-F480018ED064}.Debug|x64.Build.0 = Debug|x64
		{ED82003F-FC5D-4E94-8B36-F480018ED064}.Debug|x86.ActiveCfg = Debug|Win32
		{ED82003F-FC5D-4E94-8B36-F480018ED064}.Debug|x86.Build.0 = Debug|Win32
		{ED82003F-FC5D-4E94-8B36-F480018ED064}.Release|Any CPU.ActiveCfg = Release|Win32
		{ED82003F-FC5D-4E94-8B36-F480018ED064}.Release|ARM64.ActiveCfg = Release|ARM64
		{ED82003F-FC5D-4E94-8B36-F480018ED064}.Release|ARM64.Build.0 = Release|ARM64
		{ED82003F-FC5D-4E94-8B36-F480018ED064}.Release|x64.ActiveCfg = Release|x64
		{ED82003F-FC5D-4E94-8B36-F480018ED064}.Release|x64.Build.0 = Release|x64
		{ED82003F-FC5D-4E94-8B36-F480018ED064}.Release|x86.ActiveCfg = Release|Win32
		{ED82003F-FC5D-4E94-8B36-F480018ED064}.Release|x86.Build.0 = Release|Win32
		{06EC74CB-9A12-429C-B551-8532EC964726}.Debug|Any CPU.ActiveCfg = Debug|Win32
		{06EC74CB-9A12-429C-B551-8532EC964726}.Debug|ARM64.ActiveCfg = Debug|ARM64
		{06EC74CB-9A12-429C-B551-8532EC964726}.Debug|ARM64.Build.0 = Debug|ARM64
		{06EC74CB-9A12-429C-B551-8532EC964726}.Debug|x64.ActiveCfg = Debug|x64
		{06EC74CB-9A12-429C-B551-8532EC964726}.Debug|x64.Build.0 = Debug|x64
		{06EC74CB-9A12-429C-B551-8532EC964726}.Debug|x86.ActiveCfg = Debug|Win32
		{06EC74CB-9A12-429C-B551-8532EC964726}.Debug|x86.Build.0 = Debug|Win32
		{06EC74CB-9A12-429C-B551-8532EC964726}.Release|Any CPU.ActiveCfg = Release|Win32
		{06EC74CB-9A12-429C-B551-8532EC964726}.Release|ARM64.ActiveCfg = Release|ARM64
		{06EC74CB-9A12-429C-B551-8532EC964726}.Release|ARM64.Build.0 = Release|ARM64
		{06EC74CB-9A12-429C-B551-8532EC964726}.Release|x64.ActiveCfg = Release|x64
		{06EC74CB-9A12-429C-B551-8532EC964726}.Release|x64.Build.0 = Release|x64
		{06EC74CB-9A12-429C-B551-8532EC964726}.Release|x86.ActiveCfg = Release|Win32
		{06EC74CB-9A12-429C-B551-8532EC964726}.Release|x86.Build.0 = Release|Win32
		{ED82003F-FC5D-4E94-8B47-F480018ED064}.Debug|Any CPU.ActiveCfg = Debug|Win32
		{ED82003F-FC5D-4E94-8B47-F480018ED064}.Debug|ARM64.ActiveCfg = Debug|ARM64
		{ED82003F-FC5D-4E94-8B47-F480018ED064}.Debug|ARM64.Build.0 = Debug|ARM64
		{ED82003F-FC5D-4E94-8B47-F480018ED064}.Debug|x64.ActiveCfg = Debug|x64
		{ED82003F-FC5D-4E94-8B47-F480018ED064}.Debug|x64.Build.0 = Debug|x64
		{ED82003F-FC5D-4E94-8B47-F480018ED064}.Debug|x86.ActiveCfg = Debug|Win32
		{ED82003F-FC5D-4E94-8B47-F480018ED064}.Debug|x86.Build.0 = Debug|Win32
		{ED82003F-FC5D-4E94-8B47-F480018ED064}.Release|Any CPU.ActiveCfg = Release|Win32
		{ED82003F-FC5D-4E94-8B47-F480018ED064}.Release|ARM64.ActiveCfg = Release|ARM64
		{ED82003F-FC5D-4E94-8B47-F480018ED064}.Release|ARM64.Build.0 = Release|ARM64
		{ED82003F-FC5D-4E94-8B47-F480018ED064}.Release|x64.ActiveCfg = Release|x64
		{ED82003F-FC5D-4E94-8B47-F480018ED064}.Release|x64.Build.0 = Release|x64
		{ED82003F-FC5D-4E94-8B47-F480018ED064}.Release|x86.ActiveCfg = Release|Win32
		{ED82003F-FC5D-4E94-8B47-F480018ED064}.Release|x86.Build.0 = Release|Win32
		{06EC74CB-9A12-429C-B551-8562EC964846}.Debug|Any CPU.ActiveCfg = Debug|Win32
		{06EC74CB-9A12-429C-B551-8562EC964846}.Debug|ARM64.ActiveCfg = Debug|ARM64
		{06EC74CB-9A12-429C-B551-8562EC964846}.Debug|ARM64.Build.0 = Debug|ARM64
		{06EC74CB-9A12-429C-B551-8562EC964846}.Debug|x64.ActiveCfg = Debug|x64
		{06EC74CB-9A12-429C-B551-8562EC964846}.Debug|x64.Build.0 = Debug|x64
		{06EC74CB-9A12-429C-B551-8562EC964846}.Debug|x86.ActiveCfg = Debug|Win32
		{06EC74CB-9A12-429C-B551-8562EC964846}.Debug|x86.Build.0 = Debug|Win32
		{06EC74CB-9A12-429C-B551-8562EC964846}.Release|Any CPU.ActiveCfg = Release|Win32
		{06EC74CB-9A12-429C-B551-8562EC964846}.Release|ARM64.ActiveCfg = Release|ARM64
		{06EC74CB-9A12-429C-B551-8562EC964846}.Release|ARM64.Build.0 = Release|ARM64
		{06EC74CB-9A12-429C-B551-8562EC964846}.Release|x64.ActiveCfg = Release|x64
		{06EC74CB-9A12-429C-B551-8562EC964846}.Release|x64.Build.0 = Release|x64
		{06EC74CB-9A12-429C-B551-8562EC964846}.Release|x86.ActiveCfg = Release|Win32
		{06EC74CB-9A12-429C-B551-8562EC964846}.Release|x86.Build.0 = Release|Win32
		{C7A6A5D9-60BE-4AEB-A5F6-AFE352F86CBB}.Debug|Any CPU.ActiveCfg = Debug|Win32
		{C7A6A5D9-60BE-4AEB-A5F6-AFE352F86CBB}.Debug|ARM64.ActiveCfg = Debug|ARM64
		{C7A6A5D9-60BE-4AEB-A5F6-AFE352F86CBB}.Debug|ARM64.Build.0 = Debug|ARM64
		{C7A6A5D9-60BE-4AEB-A5F6-AFE352F86CBB}.Debug|x64.ActiveCfg = Debug|x64
		{C7A6A5D9-60BE-4AEB-A5F6-AFE352F86CBB}.Debug|x64.Build.0 = Debug|x64
		{C7A6A5D9-60BE-4AEB-A5F6-AFE352F86CBB}.Debug|x86.ActiveCfg = Debug|Win32
		{C7A6A5D9-60BE-4AEB-A5F6-AFE352F86CBB}.Debug|x86.Build.0 = Debug|Win32
		{C7A6A5D9-60BE-4AEB-A5F6-AFE352F86CBB}.Release|Any CPU.ActiveCfg = Release|Win32
		{C7A6A5D9-60BE-4AEB-A5F6-AFE352F86CBB}.Release|ARM64.ActiveCfg = Release|ARM64
		{C7A6A5D9-60BE-4AEB-A5F6-AFE352F86CBB}.Release|ARM64.Build.0 = Release|ARM64
		{C7A6A5D9-60BE-4AEB-A5F6-AFE352F86CBB}.Release|x64.ActiveCfg = Release|x64
		{C7A6A5D9-60BE-4AEB-A5F6-AFE352F86CBB}.Release|x64.Build.0 = Release|x64
		{C7A6A5D9-60BE-4AEB-A5F6-AFE352F86CBB}.Release|x86.ActiveCfg = Release|Win32
		{C7A6A5D9-60BE-4AEB-A5F6-AFE352F86CBB}.Release|x86.Build.0 = Release|Win32
		{990F2657-8580-4828-943F-5DD657D11842}.Debug|Any CPU.ActiveCfg = Debug|Win32
		{990F2657-8580-4828-943F-5DD657D11842}.Debug|ARM64.ActiveCfg = Debug|ARM64
		{990F2657-8580-4828-943F-5DD657D11842}.Debug|ARM64.Build.0 = Debug|ARM64
		{990F2657-8580-4828-943F-5DD657D11842}.Debug|x64.ActiveCfg = Debug|x64
		{990F2657-8580-4828-943F-5DD657D11842}.Debug|x64.Build.0 = Debug|x64
		{990F2657-8580-4828-943F-5DD657D11842}.Debug|x86.ActiveCfg = Debug|Win32
		{990F2657-8580-4828-943F-5DD657D11842}.Debug|x86.Build.0 = Debug|Win32
		{990F2657-8580-4828-943F-5DD657D11842}.Release|Any CPU.ActiveCfg = Release|Win32
		{990F2657-8580-4828-943F-5DD657D11842}.Release|ARM64.ActiveCfg = Release|ARM64
		{990F2657-8580-4828-943F-5DD657D11842}.Release|ARM64.Build.0 = Release|ARM64
		{990F2657-8580-4828-943F-5DD657D11842}.Release|x64.ActiveCfg = Release|x64
		{990F2657-8580-4828-943F-5DD657D11842}.Release|x64.Build.0 = Release|x64
		{990F2657-8580-4828-943F-5DD657D11842}.Release|x86.ActiveCfg = Release|Win32
		{990F2657-8580-4828-943F-5DD657D11842}.Release|x86.Build.0 = Release|Win32
		{814DBDDE-894E-4327-A6E1-740504850098}.Debug|Any CPU.ActiveCfg = Debug|Win32
		{814DBDDE-894E-4327-A6E1-740504850098}.Debug|ARM64.ActiveCfg = Debug|ARM64
		{814DBDDE-894E-4327-A6E1-740504850098}.Debug|ARM64.Build.0 = Debug|ARM64
		{814DBDDE-894E-4327-A6E1-740504850098}.Debug|x64.ActiveCfg = Debug|x64
		{814DBDDE-894E-4327-A6E1-740504850098}.Debug|x64.Build.0 = Debug|x64
		{814DBDDE-894E-4327-A6E1-740504850098}.Debug|x86.ActiveCfg = Debug|Win32
		{814DBDDE-894E-4327-A6E1-740504850098}.Debug|x86.Build.0 = Debug|Win32
		{814DBDDE-894E-4327-A6E1-740504850098}.Release|Any CPU.ActiveCfg = Release|Win32
		{814DBDDE-894E-4327-A6E1-740504850098}.Release|ARM64.ActiveCfg = Release|ARM64
		{814DBDDE-894E-4327-A6E1-740504850098}.Release|ARM64.Build.0 = Release|ARM64
		{814DBDDE-894E-4327-A6E1-740504850098}.Release|x64.ActiveCfg = Release|x64
		{814DBDDE-894E-4327-A6E1-740504850098}.Release|x64.Build.0 = Release|x64
		{814DBDDE-894E-4327-A6E1-740504850098}.Release|x86.ActiveCfg = Release|Win32
		{814DBDDE-894E-4327-A6E1-740504850098}.Release|x86.Build.0 = Release|Win32
		{814CBEEE-894E-4327-A6E1-740504850098}.Debug|Any CPU.ActiveCfg = Debug|Win32
		{814CBEEE-894E-4327-A6E1-740504850098}.Debug|ARM64.ActiveCfg = Debug|ARM64
		{814CBEEE-894E-4327-A6E1-740504850098}.Debug|ARM64.Build.0 = Debug|ARM64
		{814CBEEE-894E-4327-A6E1-740504850098}.Debug|x64.ActiveCfg = Debug|x64
		{814CBEEE-894E-4327-A6E1-740504850098}.Debug|x64.Build.0 = Debug|x64
		{814CBEEE-894E-4327-A6E1-740504850098}.Debug|x86.ActiveCfg = Debug|Win32
		{814CBEEE-894E-4327-A6E1-740504850098}.Debug|x86.Build.0 = Debug|Win32
		{814CBEEE-894E-4327-A6E1-740504850098}.Release|Any CPU.ActiveCfg = Release|Win32
		{814CBEEE-894E-4327-A6E1-740504850098}.Release|ARM64.ActiveCfg = Release|ARM64
		{814CBEEE-894E-4327-A6E1-740504850098}.Release|ARM64.Build.0 = Release|ARM64
		{814CBEEE-894E-4327-A6E1-740504850098}.Release|x64.ActiveCfg = Release|x64
		{814CBEEE-894E-4327-A6E1-740504850098}.Release|x64.Build.0 = Release|x64
		{814CBEEE-894E-4327-A6E1-740504850098}.Release|x86.ActiveCfg = Release|Win32
		{814CBEEE-894E-4327-A6E1-740504850098}.Release|x86.Build.0 = Release|Win32
		{18D09A24-8240-42D6-8CB6-236EEE820263}.Debug|Any CPU.ActiveCfg = Debug|Win32
		{18D09A24-8240-42D6-8CB6-236EEE820263}.Debug|ARM64.ActiveCfg = Debug|ARM64
		{18D09A24-8240-42D6-8CB6-236EEE820263}.Debug|ARM64.Build.0 = Debug|ARM64
		{18D09A24-8240-42D6-8CB6-236EEE820263}.Debug|x64.ActiveCfg = Debug|x64
		{18D09A24-8240-42D6-8CB6-236EEE820263}.Debug|x64.Build.0 = Debug|x64
		{18D09A24-8240-42D6-8CB6-236EEE820263}.Debug|x86.ActiveCfg = Debug|Win32
		{18D09A24-8240-42D6-8CB6-236EEE820263}.Debug|x86.Build.0 = Debug|Win32
		{18D09A24-8240-42D6-8CB6-236EEE820263}.Release|Any CPU.ActiveCfg = Release|Win32
		{18D09A24-8240-42D6-8CB6-236EEE820263}.Release|ARM64.ActiveCfg = Release|ARM64
		{18D09A24-8240-42D6-8CB6-236EEE820263}.Release|ARM64.Build.0 = Release|ARM64
		{18D09A24-8240-42D6-8CB6-236EEE820263}.Release|x64.ActiveCfg = Release|x64
		{18D09A24-8240-42D6-8CB6-236EEE820263}.Release|x64.Build.0 = Release|x64
		{18D09A24-8240-42D6-8CB6-236EEE820263}.Release|x86.ActiveCfg = Release|Win32
		{18D09A24-8240-42D6-8CB6-236EEE820263}.Release|x86.Build.0 = Release|Win32
		{990F2657-8580-4828-943F-5DD657D11843}.Debug|Any CPU.ActiveCfg = Debug|Win32
		{990F2657-8580-4828-943F-5DD657D11843}.Debug|ARM64.ActiveCfg = Debug|ARM64
		{990F2657-8580-4828-943F-5DD657D11843}.Debug|ARM64.Build.0 = Debug|ARM64
		{990F2657-8580-4828-943F-5DD657D11843}.Debug|x64.ActiveCfg = Debug|x64
		{990F2657-8580-4828-943F-5DD657D11843}.Debug|x64.Build.0 = Debug|x64
		{990F2657-8580-4828-943F-5DD657D11843}.Debug|x86.ActiveCfg = Debug|Win32
		{990F2657-8580-4828-943F-5DD657D11843}.Debug|x86.Build.0 = Debug|Win32
		{990F2657-8580-4828-943F-5DD657D11843}.Release|Any CPU.ActiveCfg = Release|Win32
		{990F2657-8580-4828-943F-5DD657D11843}.Release|ARM64.ActiveCfg = Release|ARM64
		{990F2657-8580-4828-943F-5DD657D11843}.Release|ARM64.Build.0 = Release|ARM64
		{990F2657-8580-4828-943F-5DD657D11843}.Release|x64.ActiveCfg = Release|x64
		{990F2657-8580-4828-943F-5DD657D11843}.Release|x64.Build.0 = Release|x64
		{990F2657-8580-4828-943F-5DD657D11843}.Release|x86.ActiveCfg = Release|Win32
		{990F2657-8580-4828-943F-5DD657D11843}.Release|x86.Build.0 = Release|Win32
		{0CF235BD-2DA0-407E-90EE-C467E8BBC714}.Debug|Any CPU.ActiveCfg = Debug|Win32
		{0CF235BD-2DA0-407E-90EE-C467E8BBC714}.Debug|ARM64.ActiveCfg = Debug|ARM64
		{0CF235BD-2DA0-407E-90EE-C467E8BBC714}.Debug|ARM64.Build.0 = Debug|ARM64
		{0CF235BD-2DA0-407E-90EE-C467E8BBC714}.Debug|x64.ActiveCfg = Debug|x64
		{0CF235BD-2DA0-407E-90EE-C467E8BBC714}.Debug|x64.Build.0 = Debug|x64
		{0CF235BD-2DA0-407E-90EE-C467E8BBC714}.Debug|x86.ActiveCfg = Debug|Win32
		{0CF235BD-2DA0-407E-90EE-C467E8BBC714}.Debug|x86.Build.0 = Debug|Win32
		{0CF235BD-2DA0-407E-90EE-C467E8BBC714}.Release|Any CPU.ActiveCfg = Release|Win32
		{0CF235BD-2DA0-407E-90EE-C467E8BBC714}.Release|ARM64.ActiveCfg = Release|ARM64
		{0CF235BD-2DA0-407E-90EE-C467E8BBC714}.Release|ARM64.Build.0 = Release|ARM64
		{0CF235BD-2DA0-407E-90EE-C467E8BBC714}.Release|x64.ActiveCfg = Release|x64
		{0CF235BD-2DA0-407E-90EE-C467E8BBC714}.Release|x64.Build.0 = Release|x64
		{0CF235BD-2DA0-407E-90EE-C467E8BBC714}.Release|x86.ActiveCfg = Release|Win32
		{0CF235BD-2DA0-407E-90EE-C467E8BBC714}.Release|x86.Build.0 = Release|Win32
		{EF3E32A7-5FF6-42B4-B6E2-96CD7D033F00}.Debug|Any CPU.ActiveCfg = Debug|Win32
		{EF3E32A7-5FF6-42B4-B6E2-96CD7D033F00}.Debug|ARM64.ActiveCfg = Debug|ARM64
		{EF3E32A7-5FF6-42B4-B6E2-96CD7D033F00}.Debug|ARM64.Build.0 = Debug|ARM64
		{EF3E32A7-5FF6-42B4-B6E2-96CD7D033F00}.Debug|x64.ActiveCfg = Debug|x64
		{EF3E32A7-5FF6-42B4-B6E2-96CD7D033F00}.Debug|x64.Build.0 = Debug|x64
		{EF3E32A7-5FF6-42B4-B6E2-96CD7D033F00}.Debug|x86.ActiveCfg = Debug|Win32
		{EF3E32A7-5FF6-42B4-B6E2-96CD7D033F00}.Debug|x86.Build.0 = Debug|Win32
		{EF3E32A7-5FF6-42B4-B6E2-96CD7D033F00}.Release|Any CPU.ActiveCfg = Release|Win32
		{EF3E32A7-5FF6-42B4-B6E2-96CD7D033F00}.Release|ARM64.ActiveCfg = Release|ARM64
		{EF3E32A7-5FF6-42B4-B6E2-96CD7D033F00}.Release|ARM64.Build.0 = Release|ARM64
		{EF3E32A7-5FF6-42B4-B6E2-96CD7D033F00}.Release|x64.ActiveCfg = Release|x64
		{EF3E32A7-5FF6-42B4-B6E2-96CD7D033F00}.Release|x64.Build.0 = Release|x64
		{EF3E32A7-5FF6-42B4-B6E2-96CD7D033F00}.Release|x86.ActiveCfg = Release|Win32
		{EF3E32A7-5FF6-42B4-B6E2-96CD7D033F00}.Release|x86.Build.0 = Release|Win32
		{48D21369-3D7B-4431-9967-24E81292CF63}.Debug|Any CPU.ActiveCfg = Debug|Win32
		{48D21369-3D7B-4431-9967-24E81292CF63}.Debug|ARM64.ActiveCfg = Debug|ARM64
		{48D21369-3D7B-4431-9967-24E81292CF63}.Debug|ARM64.Build.0 = Debug|ARM64
		{48D21369-3D7B-4431-9967-24E81292CF63}.Debug|x64.ActiveCfg = Debug|x64
		{48D21369-3D7B-4431-9967-24E81292CF63}.Debug|x64.Build.0 = Debug|x64
		{48D21369-3D7B-4431-9967-24E81292CF63}.Debug|x86.ActiveCfg = Debug|Win32
		{48D21369-3D7B-4431-9967-24E81292CF63}.Debug|x86.Build.0 = Debug|Win32
		{48D21369-3D7B-4431-9967-24E81292CF63}.Release|Any CPU.ActiveCfg = Release|Win32
		{48D21369-3D7B-4431-9967-24E81292CF63}.Release|ARM64.ActiveCfg = Release|ARM64
		{48D21369-3D7B-4431-9967-24E81292CF63}.Release|ARM64.Build.0 = Release|ARM64
		{48D21369-3D7B-4431-9967-24E81292CF63}.Release|x64.ActiveCfg = Release|x64
		{48D21369-3D7B-4431-9967-24E81292CF63}.Release|x64.Build.0 = Release|x64
		{48D21369-3D7B-4431-9967-24E81292CF63}.Release|x86.ActiveCfg = Release|Win32
		{48D21369-3D7B-4431-9967-24E81292CF63}.Release|x86.Build.0 = Release|Win32
		{58A03BB2-DF5A-4B66-91A0-7EF3BA01269A}.Debug|Any CPU.ActiveCfg = Debug|Win32
		{58A03BB2-DF5A-4B66-91A0-7EF3BA01269A}.Debug|ARM64.ActiveCfg = Debug|ARM64
		{58A03BB2-DF5A-4B66-91A0-7EF3BA01269A}.Debug|ARM64.Build.0 = Debug|ARM64
		{58A03BB2-DF5A-4B66-91A0-7EF3BA01269A}.Debug|x64.ActiveCfg = Debug|x64
		{58A03BB2-DF5A-4B66-91A0-7EF3BA01269A}.Debug|x64.Build.0 = Debug|x64
		{58A03BB2-DF5A-4B66-91A0-7EF3BA01269A}.Debug|x86.ActiveCfg = Debug|Win32
		{58A03BB2-DF5A-4B66-91A0-7EF3BA01269A}.Debug|x86.Build.0 = Debug|Win32
		{58A03BB2-DF5A-4B66-91A0-7EF3BA01269A}.Release|Any CPU.ActiveCfg = Release|Win32
		{58A03BB2-DF5A-4B66-91A0-7EF3BA01269A}.Release|ARM64.ActiveCfg = Release|ARM64
		{58A03BB2-DF5A-4B66-91A0-7EF3BA01269A}.Release|ARM64.Build.0 = Release|ARM64
		{58A03BB2-DF5A-4B66-91A0-7EF3BA01269A}.Release|x64.ActiveCfg = Release|x64
		{58A03BB2-DF5A-4B66-91A0-7EF3BA01269A}.Release|x64.Build.0 = Release|x64
		{58A03BB2-DF5A-4B66-91A0-7EF3BA01269A}.Release|x86.ActiveCfg = Release|Win32
		{58A03BB2-DF5A-4B66-91A0-7EF3BA01269A}.Release|x86.Build.0 = Release|Win32
		{A22EC5F6-7851-4B88-AC52-47249D437A52}.Debug|Any CPU.ActiveCfg = Debug|Win32
		{A22EC5F6-7851-4B88-AC52-47249D437A52}.Debug|ARM64.ActiveCfg = Debug|ARM64
		{A22EC5F6-7851-4B88-AC52-47249D437A52}.Debug|ARM64.Build.0 = Debug|ARM64
		{A22EC5F6-7851-4B88-AC52-47249D437A52}.Debug|x64.ActiveCfg = Debug|x64
		{A22EC5F6-7851-4B88-AC52-47249D437A52}.Debug|x64.Build.0 = Debug|x64
		{A22EC5F6-7851-4B88-AC52-47249D437A52}.Debug|x86.ActiveCfg = Debug|Win32
		{A22EC5F6-7851-4B88-AC52-47249D437A52}.Debug|x86.Build.0 = Debug|Win32
		{A22EC5F6-7851-4B88-AC52-47249D437A52}.Release|Any CPU.ActiveCfg = Release|Win32
		{A22EC5F6-7851-4B88-AC52-47249D437A52}.Release|ARM64.ActiveCfg = Release|ARM64
		{A22EC5F6-7851-4B88-AC52-47249D437A52}.Release|ARM64.Build.0 = Release|ARM64
		{A22EC5F6-7851-4B88-AC52-47249D437A52}.Release|x64.ActiveCfg = Release|x64
		{A22EC5F6-7851-4B88-AC52-47249D437A52}.Release|x64.Build.0 = Release|x64
		{A22EC5F6-7851-4B88-AC52-47249D437A52}.Release|x86.ActiveCfg = Release|Win32
		{A22EC5F6-7851-4B88-AC52-47249D437A52}.Release|x86.Build.0 = Release|Win32
		{A602A555-BAAC-46E1-A91D-3DAB0475C5A1}.Debug|Any CPU.ActiveCfg = Debug|Win32
		{A602A555-BAAC-46E1-A91D-3DAB0475C5A1}.Debug|ARM64.ActiveCfg = Debug|Win32
		{A602A555-BAAC-46E1-A91D-3DAB0475C5A1}.Debug|x64.ActiveCfg = Debug|x64
		{A602A555-BAAC-46E1-A91D-3DAB0475C5A1}.Debug|x64.Build.0 = Debug|x64
		{A602A555-BAAC-46E1-A91D-3DAB0475C5A1}.Debug|x86.ActiveCfg = Debug|Win32
		{A602A555-BAAC-46E1-A91D-3DAB0475C5A1}.Debug|x86.Build.0 = Debug|Win32
		{A602A555-BAAC-46E1-A91D-3DAB0475C5A1}.Release|Any CPU.ActiveCfg = Release|Win32
		{A602A555-BAAC-46E1-A91D-3DAB0475C5A1}.Release|ARM64.ActiveCfg = Release|Win32
		{A602A555-BAAC-46E1-A91D-3DAB0475C5A1}.Release|x64.ActiveCfg = Release|x64
		{A602A555-BAAC-46E1-A91D-3DAB0475C5A1}.Release|x64.Build.0 = Release|x64
		{A602A555-BAAC-46E1-A91D-3DAB0475C5A1}.Release|x86.ActiveCfg = Release|Win32
		{A602A555-BAAC-46E1-A91D-3DAB0475C5A1}.Release|x86.Build.0 = Release|Win32
		{6BAE5851-50D5-4934-8D5E-30361A8A40F3}.Debug|Any CPU.ActiveCfg = Debug|Win32
		{6BAE5851-50D5-4934-8D5E-30361A8A40F3}.Debug|ARM64.ActiveCfg = Debug|ARM64
		{6BAE5851-50D5-4934-8D5E-30361A8A40F3}.Debug|ARM64.Build.0 = Debug|ARM64
		{6BAE5851-50D5-4934-8D5E-30361A8A40F3}.Debug|x64.ActiveCfg = Debug|x64
		{6BAE5851-50D5-4934-8D5E-30361A8A40F3}.Debug|x64.Build.0 = Debug|x64
		{6BAE5851-50D5-4934-8D5E-30361A8A40F3}.Debug|x86.ActiveCfg = Debug|Win32
		{6BAE5851-50D5-4934-8D5E-30361A8A40F3}.Debug|x86.Build.0 = Debug|Win32
		{6BAE5851-50D5-4934-8D5E-30361A8A40F3}.Release|Any CPU.ActiveCfg = Release|Win32
		{6BAE5851-50D5-4934-8D5E-30361A8A40F3}.Release|ARM64.ActiveCfg = Release|ARM64
		{6BAE5851-50D5-4934-8D5E-30361A8A40F3}.Release|ARM64.Build.0 = Release|ARM64
		{6BAE5851-50D5-4934-8D5E-30361A8A40F3}.Release|x64.ActiveCfg = Release|x64
		{6BAE5851-50D5-4934-8D5E-30361A8A40F3}.Release|x64.Build.0 = Release|x64
		{6BAE5851-50D5-4934-8D5E-30361A8A40F3}.Release|x86.ActiveCfg = Release|Win32
		{6BAE5851-50D5-4934-8D5E-30361A8A40F3}.Release|x86.Build.0 = Release|Win32
		{21B7EA5E-1EF8-49B6-AC07-11714AF0E37D}.Debug|Any CPU.ActiveCfg = Debug|Win32
		{21B7EA5E-1EF8-49B6-AC07-11714AF0E37D}.Debug|ARM64.ActiveCfg = Debug|ARM64
		{21B7EA5E-1EF8-49B6-AC07-11714AF0E37D}.Debug|ARM64.Build.0 = Debug|ARM64
		{21B7EA5E-1EF8-49B6-AC07-11714AF0E37D}.Debug|x64.ActiveCfg = Debug|x64
		{21B7EA5E-1EF8-49B6-AC07-11714AF0E37D}.Debug|x64.Build.0 = Debug|x64
		{21B7EA5E-1EF8-49B6-AC07-11714AF0E37D}.Debug|x86.ActiveCfg = Debug|Win32
		{21B7EA5E-1EF8-49B6-AC07-11714AF0E37D}.Debug|x86.Build.0 = Debug|Win32
		{21B7EA5E-1EF8-49B6-AC07-11714AF0E37D}.Release|Any CPU.ActiveCfg = Release|Win32
		{21B7EA5E-1EF8-49B6-AC07-11714AF0E37D}.Release|ARM64.ActiveCfg = Release|ARM64
		{21B7EA5E-1EF8-49B6-AC07-11714AF0E37D}.Release|ARM64.Build.0 = Release|ARM64
		{21B7EA5E-1EF8-49B6-AC07-11714AF0E37D}.Release|x64.ActiveCfg = Release|x64
		{21B7EA5E-1EF8-49B6-AC07-11714AF0E37D}.Release|x64.Build.0 = Release|x64
		{21B7EA5E-1EF8-49B6-AC07-11714AF0E37D}.Release|x86.ActiveCfg = Release|Win32
		{21B7EA5E-1EF8-49B6-AC07-11714AF0E37D}.Release|x86.Build.0 = Release|Win32
		{F75E29D0-D288-478B-8D83-2C190F321A3F}.Debug|Any CPU.ActiveCfg = Debug|Any CPU
		{F75E29D0-D288-478B-8D83-2C190F321A3F}.Debug|ARM64.ActiveCfg = Debug|ARM64
		{F75E29D0-D288-478B-8D83-2C190F321A3F}.Debug|ARM64.Build.0 = Debug|ARM64
		{F75E29D0-D288-478B-8D83-2C190F321A3F}.Debug|ARM64.Deploy.0 = Debug|ARM64
		{F75E29D0-D288-478B-8D83-2C190F321A3F}.Debug|x64.ActiveCfg = Debug|x64
		{F75E29D0-D288-478B-8D83-2C190F321A3F}.Debug|x64.Build.0 = Debug|x64
		{F75E29D0-D288-478B-8D83-2C190F321A3F}.Debug|x64.Deploy.0 = Debug|x64
		{F75E29D0-D288-478B-8D83-2C190F321A3F}.Debug|x86.ActiveCfg = Debug|x86
		{F75E29D0-D288-478B-8D83-2C190F321A3F}.Debug|x86.Build.0 = Debug|x86
		{F75E29D0-D288-478B-8D83-2C190F321A3F}.Debug|x86.Deploy.0 = Debug|x86
		{F75E29D0-D288-478B-8D83-2C190F321A3F}.Release|Any CPU.ActiveCfg = Release|Any CPU
		{F75E29D0-D288-478B-8D83-2C190F321A3F}.Release|ARM64.ActiveCfg = Release|ARM64
		{F75E29D0-D288-478B-8D83-2C190F321A3F}.Release|ARM64.Build.0 = Release|ARM64
		{F75E29D0-D288-478B-8D83-2C190F321A3F}.Release|ARM64.Deploy.0 = Release|ARM64
		{F75E29D0-D288-478B-8D83-2C190F321A3F}.Release|x64.ActiveCfg = Release|x64
		{F75E29D0-D288-478B-8D83-2C190F321A3F}.Release|x64.Build.0 = Release|x64
		{F75E29D0-D288-478B-8D83-2C190F321A3F}.Release|x64.Deploy.0 = Release|x64
		{F75E29D0-D288-478B-8D83-2C190F321A3F}.Release|x86.ActiveCfg = Release|x86
		{F75E29D0-D288-478B-8D83-2C190F321A3F}.Release|x86.Build.0 = Release|x86
		{F75E29D0-D288-478B-8D83-2C190F321A3F}.Release|x86.Deploy.0 = Release|x86
		{71CC9D78-BA29-4D93-946F-BEF5D9A3A6EF}.Debug|Any CPU.ActiveCfg = Debug|Win32
		{71CC9D78-BA29-4D93-946F-BEF5D9A3A6EF}.Debug|ARM64.ActiveCfg = Debug|ARM64
		{71CC9D78-BA29-4D93-946F-BEF5D9A3A6EF}.Debug|ARM64.Build.0 = Debug|ARM64
		{71CC9D78-BA29-4D93-946F-BEF5D9A3A6EF}.Debug|x64.ActiveCfg = Debug|x64
		{71CC9D78-BA29-4D93-946F-BEF5D9A3A6EF}.Debug|x64.Build.0 = Debug|x64
		{71CC9D78-BA29-4D93-946F-BEF5D9A3A6EF}.Debug|x86.ActiveCfg = Debug|Win32
		{71CC9D78-BA29-4D93-946F-BEF5D9A3A6EF}.Debug|x86.Build.0 = Debug|Win32
		{71CC9D78-BA29-4D93-946F-BEF5D9A3A6EF}.Release|Any CPU.ActiveCfg = Release|Win32
		{71CC9D78-BA29-4D93-946F-BEF5D9A3A6EF}.Release|ARM64.ActiveCfg = Release|ARM64
		{71CC9D78-BA29-4D93-946F-BEF5D9A3A6EF}.Release|ARM64.Build.0 = Release|ARM64
		{71CC9D78-BA29-4D93-946F-BEF5D9A3A6EF}.Release|x64.ActiveCfg = Release|x64
		{71CC9D78-BA29-4D93-946F-BEF5D9A3A6EF}.Release|x64.Build.0 = Release|x64
		{71CC9D78-BA29-4D93-946F-BEF5D9A3A6EF}.Release|x86.ActiveCfg = Release|Win32
		{71CC9D78-BA29-4D93-946F-BEF5D9A3A6EF}.Release|x86.Build.0 = Release|Win32
		{8222900C-8B6C-452A-91AC-BE95DB04B95F}.Debug|Any CPU.ActiveCfg = Debug|Win32
		{8222900C-8B6C-452A-91AC-BE95DB04B95F}.Debug|ARM64.ActiveCfg = Debug|ARM64
		{8222900C-8B6C-452A-91AC-BE95DB04B95F}.Debug|ARM64.Build.0 = Debug|ARM64
		{8222900C-8B6C-452A-91AC-BE95DB04B95F}.Debug|x64.ActiveCfg = Debug|x64
		{8222900C-8B6C-452A-91AC-BE95DB04B95F}.Debug|x64.Build.0 = Debug|x64
		{8222900C-8B6C-452A-91AC-BE95DB04B95F}.Debug|x86.ActiveCfg = Debug|Win32
		{8222900C-8B6C-452A-91AC-BE95DB04B95F}.Debug|x86.Build.0 = Debug|Win32
		{8222900C-8B6C-452A-91AC-BE95DB04B95F}.Release|Any CPU.ActiveCfg = Release|Win32
		{8222900C-8B6C-452A-91AC-BE95DB04B95F}.Release|ARM64.ActiveCfg = Release|ARM64
		{8222900C-8B6C-452A-91AC-BE95DB04B95F}.Release|ARM64.Build.0 = Release|ARM64
		{8222900C-8B6C-452A-91AC-BE95DB04B95F}.Release|x64.ActiveCfg = Release|x64
		{8222900C-8B6C-452A-91AC-BE95DB04B95F}.Release|x64.Build.0 = Release|x64
		{8222900C-8B6C-452A-91AC-BE95DB04B95F}.Release|x86.ActiveCfg = Release|Win32
		{8222900C-8B6C-452A-91AC-BE95DB04B95F}.Release|x86.Build.0 = Release|Win32
		{06EC74CB-9A12-428C-B551-8537EC964726}.Debug|Any CPU.ActiveCfg = Debug|x64
		{06EC74CB-9A12-428C-B551-8537EC964726}.Debug|ARM64.ActiveCfg = Debug|ARM64
		{06EC74CB-9A12-428C-B551-8537EC964726}.Debug|ARM64.Build.0 = Debug|ARM64
		{06EC74CB-9A12-428C-B551-8537EC964726}.Debug|x64.ActiveCfg = Debug|x64
		{06EC74CB-9A12-428C-B551-8537EC964726}.Debug|x64.Build.0 = Debug|x64
		{06EC74CB-9A12-428C-B551-8537EC964726}.Debug|x86.ActiveCfg = Debug|Win32
		{06EC74CB-9A12-428C-B551-8537EC964726}.Debug|x86.Build.0 = Debug|Win32
		{06EC74CB-9A12-428C-B551-8537EC964726}.Release|Any CPU.ActiveCfg = Release|x64
		{06EC74CB-9A12-428C-B551-8537EC964726}.Release|ARM64.ActiveCfg = Release|ARM64
		{06EC74CB-9A12-428C-B551-8537EC964726}.Release|ARM64.Build.0 = Release|ARM64
		{06EC74CB-9A12-428C-B551-8537EC964726}.Release|x64.ActiveCfg = Release|x64
		{06EC74CB-9A12-428C-B551-8537EC964726}.Release|x64.Build.0 = Release|x64
		{06EC74CB-9A12-428C-B551-8537EC964726}.Release|x86.ActiveCfg = Release|Win32
		{06EC74CB-9A12-428C-B551-8537EC964726}.Release|x86.Build.0 = Release|Win32
		{75C6F576-18E9-4566-978A-F0A301CAC090}.Debug|Any CPU.ActiveCfg = Debug|x64
		{75C6F576-18E9-4566-978A-F0A301CAC090}.Debug|ARM64.ActiveCfg = Debug|ARM64
		{75C6F576-18E9-4566-978A-F0A301CAC090}.Debug|ARM64.Build.0 = Debug|ARM64
		{75C6F576-18E9-4566-978A-F0A301CAC090}.Debug|x64.ActiveCfg = Debug|x64
		{75C6F576-18E9-4566-978A-F0A301CAC090}.Debug|x64.Build.0 = Debug|x64
		{75C6F576-18E9-4566-978A-F0A301CAC090}.Debug|x86.ActiveCfg = Debug|Win32
		{75C6F576-18E9-4566-978A-F0A301CAC090}.Debug|x86.Build.0 = Debug|Win32
		{75C6F576-18E9-4566-978A-F0A301CAC090}.Release|Any CPU.ActiveCfg = Release|x64
		{75C6F576-18E9-4566-978A-F0A301CAC090}.Release|ARM64.ActiveCfg = Release|ARM64
		{75C6F576-18E9-4566-978A-F0A301CAC090}.Release|ARM64.Build.0 = Release|ARM64
		{75C6F576-18E9-4566-978A-F0A301CAC090}.Release|x64.ActiveCfg = Release|x64
		{75C6F576-18E9-4566-978A-F0A301CAC090}.Release|x64.Build.0 = Release|x64
		{75C6F576-18E9-4566-978A-F0A301CAC090}.Release|x86.ActiveCfg = Release|Win32
		{75C6F576-18E9-4566-978A-F0A301CAC090}.Release|x86.Build.0 = Release|Win32
		{3C67784E-1453-49C2-9660-483E2CC7F7AD}.Debug|Any CPU.ActiveCfg = Debug|Win32
		{3C67784E-1453-49C2-9660-483E2CC7F7AD}.Debug|ARM64.ActiveCfg = Debug|ARM64
		{3C67784E-1453-49C2-9660-483E2CC7F7AD}.Debug|ARM64.Build.0 = Debug|ARM64
		{3C67784E-1453-49C2-9660-483E2CC7F7AD}.Debug|x64.ActiveCfg = Debug|x64
		{3C67784E-1453-49C2-9660-483E2CC7F7AD}.Debug|x64.Build.0 = Debug|x64
		{3C67784E-1453-49C2-9660-483E2CC7F7AD}.Debug|x86.ActiveCfg = Debug|Win32
		{3C67784E-1453-49C2-9660-483E2CC7F7AD}.Debug|x86.Build.0 = Debug|Win32
		{3C67784E-1453-49C2-9660-483E2CC7F7AD}.Release|Any CPU.ActiveCfg = Release|Win32
		{3C67784E-1453-49C2-9660-483E2CC7F7AD}.Release|ARM64.ActiveCfg = Release|ARM64
		{3C67784E-1453-49C2-9660-483E2CC7F7AD}.Release|ARM64.Build.0 = Release|ARM64
		{3C67784E-1453-49C2-9660-483E2CC7F7AD}.Release|x64.ActiveCfg = Release|x64
		{3C67784E-1453-49C2-9660-483E2CC7F7AD}.Release|x64.Build.0 = Release|x64
		{3C67784E-1453-49C2-9660-483E2CC7F7AD}.Release|x86.ActiveCfg = Release|Win32
		{3C67784E-1453-49C2-9660-483E2CC7F7AD}.Release|x86.Build.0 = Release|Win32
		{37C995E0-2349-4154-8E77-4A52C0C7F46D}.Debug|Any CPU.ActiveCfg = Debug|Win32
		{37C995E0-2349-4154-8E77-4A52C0C7F46D}.Debug|ARM64.ActiveCfg = Debug|ARM64
		{37C995E0-2349-4154-8E77-4A52C0C7F46D}.Debug|x64.ActiveCfg = Debug|x64
		{37C995E0-2349-4154-8E77-4A52C0C7F46D}.Debug|x86.ActiveCfg = Debug|Win32
		{37C995E0-2349-4154-8E77-4A52C0C7F46D}.Release|Any CPU.ActiveCfg = Release|Win32
		{37C995E0-2349-4154-8E77-4A52C0C7F46D}.Release|ARM64.ActiveCfg = Release|ARM64
		{37C995E0-2349-4154-8E77-4A52C0C7F46D}.Release|x64.ActiveCfg = Release|x64
		{37C995E0-2349-4154-8E77-4A52C0C7F46D}.Release|x86.ActiveCfg = Release|Win32
		{2C836962-9543-4CE5-B834-D28E1F124B66}.Debug|Any CPU.ActiveCfg = Debug|Win32
		{2C836962-9543-4CE5-B834-D28E1F124B66}.Debug|ARM64.ActiveCfg = Debug|ARM64
		{2C836962-9543-4CE5-B834-D28E1F124B66}.Debug|x64.ActiveCfg = Debug|x64
		{2C836962-9543-4CE5-B834-D28E1F124B66}.Debug|x86.ActiveCfg = Debug|Win32
		{2C836962-9543-4CE5-B834-D28E1F124B66}.Release|Any CPU.ActiveCfg = Release|Win32
		{2C836962-9543-4CE5-B834-D28E1F124B66}.Release|ARM64.ActiveCfg = Release|ARM64
		{2C836962-9543-4CE5-B834-D28E1F124B66}.Release|x64.ActiveCfg = Release|x64
		{2C836962-9543-4CE5-B834-D28E1F124B66}.Release|x86.ActiveCfg = Release|Win32
		{328729E9-6723-416E-9C98-951F1473BBE1}.Debug|Any CPU.ActiveCfg = Debug|Win32
		{328729E9-6723-416E-9C98-951F1473BBE1}.Debug|ARM64.ActiveCfg = Debug|ARM64
		{328729E9-6723-416E-9C98-951F1473BBE1}.Debug|x64.ActiveCfg = Debug|x64
		{328729E9-6723-416E-9C98-951F1473BBE1}.Debug|x86.ActiveCfg = Debug|Win32
		{328729E9-6723-416E-9C98-951F1473BBE1}.Release|Any CPU.ActiveCfg = Release|Win32
		{328729E9-6723-416E-9C98-951F1473BBE1}.Release|ARM64.ActiveCfg = Release|ARM64
		{328729E9-6723-416E-9C98-951F1473BBE1}.Release|x64.ActiveCfg = Release|x64
		{328729E9-6723-416E-9C98-951F1473BBE1}.Release|x86.ActiveCfg = Release|Win32
		{BE92101C-04F8-48DA-99F0-E1F4F1D2DC48}.Debug|Any CPU.ActiveCfg = Debug|Win32
		{BE92101C-04F8-48DA-99F0-E1F4F1D2DC48}.Debug|ARM64.ActiveCfg = Debug|ARM64
		{BE92101C-04F8-48DA-99F0-E1F4F1D2DC48}.Debug|ARM64.Build.0 = Debug|ARM64
		{BE92101C-04F8-48DA-99F0-E1F4F1D2DC48}.Debug|x64.ActiveCfg = Debug|x64
		{BE92101C-04F8-48DA-99F0-E1F4F1D2DC48}.Debug|x64.Build.0 = Debug|x64
		{BE92101C-04F8-48DA-99F0-E1F4F1D2DC48}.Debug|x86.ActiveCfg = Debug|Win32
		{BE92101C-04F8-48DA-99F0-E1F4F1D2DC48}.Release|Any CPU.ActiveCfg = Release|Win32
		{BE92101C-04F8-48DA-99F0-E1F4F1D2DC48}.Release|ARM64.ActiveCfg = Release|ARM64
		{BE92101C-04F8-48DA-99F0-E1F4F1D2DC48}.Release|ARM64.Build.0 = Release|ARM64
		{BE92101C-04F8-48DA-99F0-E1F4F1D2DC48}.Release|x64.ActiveCfg = Release|x64
		{BE92101C-04F8-48DA-99F0-E1F4F1D2DC48}.Release|x64.Build.0 = Release|x64
		{BE92101C-04F8-48DA-99F0-E1F4F1D2DC48}.Release|x86.ActiveCfg = Release|Win32
	EndGlobalSection
	GlobalSection(SolutionProperties) = preSolution
		HideSolutionNode = FALSE
	EndGlobalSection
	GlobalSection(NestedProjects) = preSolution
		{9CBD7DFA-1754-4A9D-93D7-857A9D17CB1B} = {E8F24881-5E37-4362-B191-A3BA0ED7F4EB}
		{345FD5A4-B32B-4F29-BD1C-B033BD2C35CC} = {E8F24881-5E37-4362-B191-A3BA0ED7F4EB}
		{4C8E6BB0-4713-4ADB-BD04-81628ECEAF20} = {81C352DB-1818-45B7-A284-18E259F1CC87}
		{D57841D1-8294-4F2B-BB8B-D2A35738DECD} = {81C352DB-1818-45B7-A284-18E259F1CC87}
		{2FD12FBB-1DDB-46D8-B818-1023C624CACA} = {89CDCC5C-9F53-4054-97A4-639D99F169CD}
		{3AE13314-1939-4DFA-9C14-38CA0834050C} = {F1995847-4AE5-479A-BBAF-382E51A63532}
		{DCF55140-EF6A-4736-A403-957E4F7430BB} = {F1995847-4AE5-479A-BBAF-382E51A63532}
		{1CF55140-EF6A-4736-A403-957E4F7430BB} = {F1995847-4AE5-479A-BBAF-382E51A63532}
		{AF0A096A-8B3A-4949-81EF-7DF8F0FEE91F} = {05500DEF-2294-41E3-AF9A-24E580B82836}
		{1C959542-BAC2-4E55-9A6D-13251914CBB9} = {05500DEF-2294-41E3-AF9A-24E580B82836}
		{06EC74CB-9A12-429C-B551-8562EC954746} = {E8F24881-5E37-4362-B191-A3BA0ED7F4EB}
		{531C23E7-4B76-4C08-8BBD-04164CB628C9} = {1E4A062E-293B-4817-B20D-BF16B979E350}
		{12144E07-FE63-4D33-9231-748B8D8C3792} = {F1995847-4AE5-479A-BBAF-382E51A63532}
		{6AF01638-84CF-4B65-9870-484DFFCAC772} = {F1995847-4AE5-479A-BBAF-382E51A63532}
		{96927B31-D6E8-4ABD-B03E-A5088A30BEBE} = {F1995847-4AE5-479A-BBAF-382E51A63532}
		{F210A4AE-E02A-4BFC-80BB-F50A672FE763} = {F1995847-4AE5-479A-BBAF-382E51A63532}
		{5D23E8E1-3C64-4CC1-A8F7-6861677F7239} = {E8F24881-5E37-4362-B191-A3BA0ED7F4EB}
		{18D09A24-8240-42D6-8CB6-236EEE820262} = {E8F24881-5E37-4362-B191-A3BA0ED7F4EB}
		{099193A0-1E43-4BBC-BA7F-7B351E1342DF} = {A10C4720-DCA4-4640-9749-67F4314F527C}
		{FC802440-AD6A-4919-8F2C-7701F2B38D79} = {A10C4720-DCA4-4640-9749-67F4314F527C}
		{919544AC-D39B-463F-8414-3C3C67CF727C} = {A10C4720-DCA4-4640-9749-67F4314F527C}
		{ED82003F-FC5D-4E94-8B36-F480018ED064} = {A10C4720-DCA4-4640-9749-67F4314F527C}
		{06EC74CB-9A12-429C-B551-8532EC964726} = {E8F24881-5E37-4362-B191-A3BA0ED7F4EB}
		{ED82003F-FC5D-4E94-8B47-F480018ED064} = {A10C4720-DCA4-4640-9749-67F4314F527C}
		{06EC74CB-9A12-429C-B551-8562EC964846} = {E8F24881-5E37-4362-B191-A3BA0ED7F4EB}
		{C7A6A5D9-60BE-4AEB-A5F6-AFE352F86CBB} = {A10C4720-DCA4-4640-9749-67F4314F527C}
		{990F2657-8580-4828-943F-5DD657D11842} = {05500DEF-2294-41E3-AF9A-24E580B82836}
		{814DBDDE-894E-4327-A6E1-740504850098} = {A10C4720-DCA4-4640-9749-67F4314F527C}
		{814CBEEE-894E-4327-A6E1-740504850098} = {A10C4720-DCA4-4640-9749-67F4314F527C}
		{18D09A24-8240-42D6-8CB6-236EEE820263} = {89CDCC5C-9F53-4054-97A4-639D99F169CD}
		{990F2657-8580-4828-943F-5DD657D11843} = {05500DEF-2294-41E3-AF9A-24E580B82836}
		{0CF235BD-2DA0-407E-90EE-C467E8BBC714} = {1E4A062E-293B-4817-B20D-BF16B979E350}
		{EF3E32A7-5FF6-42B4-B6E2-96CD7D033F00} = {E8F24881-5E37-4362-B191-A3BA0ED7F4EB}
		{16376381-CE22-42BE-B667-C6B35007008D} = {81C352DB-1818-45B7-A284-18E259F1CC87}
		{F1995847-4AE5-479A-BBAF-382E51A63532} = {89CDCC5C-9F53-4054-97A4-639D99F169CD}
		{05500DEF-2294-41E3-AF9A-24E580B82836} = {89CDCC5C-9F53-4054-97A4-639D99F169CD}
		{1E4A062E-293B-4817-B20D-BF16B979E350} = {89CDCC5C-9F53-4054-97A4-639D99F169CD}
		{48D21369-3D7B-4431-9967-24E81292CF63} = {05500DEF-2294-41E3-AF9A-24E580B82836}
		{58A03BB2-DF5A-4B66-91A0-7EF3BA01269A} = {E8F24881-5E37-4362-B191-A3BA0ED7F4EB}
		{A22EC5F6-7851-4B88-AC52-47249D437A52} = {E8F24881-5E37-4362-B191-A3BA0ED7F4EB}
		{A602A555-BAAC-46E1-A91D-3DAB0475C5A1} = {A10C4720-DCA4-4640-9749-67F4314F527C}
		{53DD5520-E64C-4C06-B472-7CE62CA539C9} = {04170EEF-983A-4195-BFEF-2321E5E38A1E}
		{6B5A44ED-918D-4747-BFB1-2472A1FCA173} = {04170EEF-983A-4195-BFEF-2321E5E38A1E}
		{D3EF7B96-CD5E-47C9-B9A9-136259563033} = {04170EEF-983A-4195-BFEF-2321E5E38A1E}
		{6BAE5851-50D5-4934-8D5E-30361A8A40F3} = {81C352DB-1818-45B7-A284-18E259F1CC87}
		{21B7EA5E-1EF8-49B6-AC07-11714AF0E37D} = {A10C4720-DCA4-4640-9749-67F4314F527C}
		{F75E29D0-D288-478B-8D83-2C190F321A3F} = {A10C4720-DCA4-4640-9749-67F4314F527C}
		{71CC9D78-BA29-4D93-946F-BEF5D9A3A6EF} = {E8F24881-5E37-4362-B191-A3BA0ED7F4EB}
		{8222900C-8B6C-452A-91AC-BE95DB04B95F} = {05500DEF-2294-41E3-AF9A-24E580B82836}
		{06EC74CB-9A12-428C-B551-8537EC964726} = {E8F24881-5E37-4362-B191-A3BA0ED7F4EB}
		{75C6F576-18E9-4566-978A-F0A301CAC090} = {05500DEF-2294-41E3-AF9A-24E580B82836}
		{40BD8415-DD93-4200-8D82-498DDDC08CC8} = {89CDCC5C-9F53-4054-97A4-639D99F169CD}
		{3C67784E-1453-49C2-9660-483E2CC7F7AD} = {40BD8415-DD93-4200-8D82-498DDDC08CC8}
		{37C995E0-2349-4154-8E77-4A52C0C7F46D} = {A10C4720-DCA4-4640-9749-67F4314F527C}
		{2C836962-9543-4CE5-B834-D28E1F124B66} = {A10C4720-DCA4-4640-9749-67F4314F527C}
		{328729E9-6723-416E-9C98-951F1473BBE1} = {A10C4720-DCA4-4640-9749-67F4314F527C}
		{BE92101C-04F8-48DA-99F0-E1F4F1D2DC48} = {A10C4720-DCA4-4640-9749-67F4314F527C}
	EndGlobalSection
	GlobalSection(ExtensibilityGlobals) = postSolution
		SolutionGuid = {3140B1B7-C8EE-43D1-A772-D82A7061A271}
	EndGlobalSection
EndGlobal
